// !$*UTF8*$!
{
	archiveVersion = 1;
	classes = {
	};
	objectVersion = 51;
	objects = {

/* Begin PBXBuildFile section */
		226772B71B544A82523DDDCE /* Pods_LChat_LChatUITests.framework in Frameworks */ = {isa = PBXBuildFile; fileRef = 3981CB3F2E6B734B070D24F0 /* Pods_LChat_LChatUITests.framework */; };
		59F039AF8762A319AA3B484C /* Pods_LChatTests.framework in Frameworks */ = {isa = PBXBuildFile; fileRef = FD6279072B7B6ADB04DB401A /* Pods_LChatTests.framework */; };
		657901CEF1CE3288BAD0F93C /* Pods_LChat.framework in Frameworks */ = {isa = PBXBuildFile; fileRef = 6D7197217AAB63D1FA8310DA /* Pods_LChat.framework */; };
		740D47CD2609E62C005C04A2 /* AppDelegate.swift in Sources */ = {isa = PBXBuildFile; fileRef = 740D47CC2609E62C005C04A2 /* AppDelegate.swift */; };
		740D47CF2609E62C005C04A2 /* SceneDelegate.swift in Sources */ = {isa = PBXBuildFile; fileRef = 740D47CE2609E62C005C04A2 /* SceneDelegate.swift */; };
		740D47D12609E62C005C04A2 /* ViewController.swift in Sources */ = {isa = PBXBuildFile; fileRef = 740D47D02609E62C005C04A2 /* ViewController.swift */; };
		740D47D62609E62E005C04A2 /* Assets.xcassets in Resources */ = {isa = PBXBuildFile; fileRef = 740D47D52609E62E005C04A2 /* Assets.xcassets */; };
		740D47D92609E62E005C04A2 /* LaunchScreen.storyboard in Resources */ = {isa = PBXBuildFile; fileRef = 740D47D72609E62E005C04A2 /* LaunchScreen.storyboard */; };
		740D47E42609E62F005C04A2 /* LChatTests.swift in Sources */ = {isa = PBXBuildFile; fileRef = 740D47E32609E62F005C04A2 /* LChatTests.swift */; };
		740D47EF2609E62F005C04A2 /* LChatUITests.swift in Sources */ = {isa = PBXBuildFile; fileRef = 740D47EE2609E62F005C04A2 /* LChatUITests.swift */; };
		74F86CB12609F9BC00CA03EC /* GoogleService-Info.plist in Resources */ = {isa = PBXBuildFile; fileRef = 74F86CB02609F9BC00CA03EC /* GoogleService-Info.plist */; };
		74F86CC42609FFE700CA03EC /* ChatNavigator.swift in Sources */ = {isa = PBXBuildFile; fileRef = 74F86CC32609FFE700CA03EC /* ChatNavigator.swift */; };
		74F86CC92609FFF200CA03EC /* LoginNavigator.swift in Sources */ = {isa = PBXBuildFile; fileRef = 74F86CC82609FFF200CA03EC /* LoginNavigator.swift */; };
		74F86CCE2609FFFB00CA03EC /* Navigator.swift in Sources */ = {isa = PBXBuildFile; fileRef = 74F86CCD2609FFFB00CA03EC /* Navigator.swift */; };
		74F86CF1260A007700CA03EC /* FBDatabaseLoader.swift in Sources */ = {isa = PBXBuildFile; fileRef = 74F86CDF260A007600CA03EC /* FBDatabaseLoader.swift */; };
		74F86CF2260A007700CA03EC /* ChatService.swift in Sources */ = {isa = PBXBuildFile; fileRef = 74F86CE0260A007600CA03EC /* ChatService.swift */; };
		74F86CF3260A007700CA03EC /* ObserveService.swift in Sources */ = {isa = PBXBuildFile; fileRef = 74F86CE1260A007600CA03EC /* ObserveService.swift */; };
		74F86CF4260A007700CA03EC /* FIRDatabaseSearcher.swift in Sources */ = {isa = PBXBuildFile; fileRef = 74F86CE3260A007700CA03EC /* FIRDatabaseSearcher.swift */; };
		74F86CF5260A007700CA03EC /* FirebasePath.swift in Sources */ = {isa = PBXBuildFile; fileRef = 74F86CE4260A007700CA03EC /* FirebasePath.swift */; };
		74F86CF6260A007700CA03EC /* User.swift in Sources */ = {isa = PBXBuildFile; fileRef = 74F86CE5260A007700CA03EC /* User.swift */; };
		74F86CF7260A007800CA03EC /* MainAssembler.swift in Sources */ = {isa = PBXBuildFile; fileRef = 74F86CE7260A007700CA03EC /* MainAssembler.swift */; };
		74F86CF8260A007800CA03EC /* Chat.swift in Sources */ = {isa = PBXBuildFile; fileRef = 74F86CE8260A007700CA03EC /* Chat.swift */; };
		74F86CF9260A007800CA03EC /* Message.swift in Sources */ = {isa = PBXBuildFile; fileRef = 74F86CE9260A007700CA03EC /* Message.swift */; };
		74F86CFA260A007800CA03EC /* PhoneNumber.swift in Sources */ = {isa = PBXBuildFile; fileRef = 74F86CEB260A007700CA03EC /* PhoneNumber.swift */; };
		74F86CFB260A007800CA03EC /* FBAuthManager.swift in Sources */ = {isa = PBXBuildFile; fileRef = 74F86CEC260A007700CA03EC /* FBAuthManager.swift */; };
		74F86CFC260A007800CA03EC /* CountrySelector.swift in Sources */ = {isa = PBXBuildFile; fileRef = 74F86CED260A007700CA03EC /* CountrySelector.swift */; };
		74F86CFD260A007800CA03EC /* UserRegisterData.swift in Sources */ = {isa = PBXBuildFile; fileRef = 74F86CEE260A007700CA03EC /* UserRegisterData.swift */; };
		74F86CFE260A007800CA03EC /* Bindable.swift in Sources */ = {isa = PBXBuildFile; fileRef = 74F86CF0260A007700CA03EC /* Bindable.swift */; };
		74F86D3E260A013600CA03EC /* ChatViewModel.swift in Sources */ = {isa = PBXBuildFile; fileRef = 74F86D05260A013600CA03EC /* ChatViewModel.swift */; };
		74F86D40260A013600CA03EC /* ChatViewController.swift in Sources */ = {isa = PBXBuildFile; fileRef = 74F86D09260A013600CA03EC /* ChatViewController.swift */; };
		74F86D41260A013600CA03EC /* SettingViewModel.swift in Sources */ = {isa = PBXBuildFile; fileRef = 74F86D0C260A013600CA03EC /* SettingViewModel.swift */; };
		74F86D42260A013600CA03EC /* SettingViewController.swift in Sources */ = {isa = PBXBuildFile; fileRef = 74F86D0E260A013600CA03EC /* SettingViewController.swift */; };
		74F86D43260A013600CA03EC /* AuthCodeViewModel.swift in Sources */ = {isa = PBXBuildFile; fileRef = 74F86D11260A013600CA03EC /* AuthCodeViewModel.swift */; };
		74F86D44260A013600CA03EC /* CountriesViewModel.swift in Sources */ = {isa = PBXBuildFile; fileRef = 74F86D12260A013600CA03EC /* CountriesViewModel.swift */; };
		74F86D45260A013600CA03EC /* SigninViewModel.swift in Sources */ = {isa = PBXBuildFile; fileRef = 74F86D13260A013600CA03EC /* SigninViewModel.swift */; };
		74F86D46260A013600CA03EC /* RegisterViewModel.swift in Sources */ = {isa = PBXBuildFile; fileRef = 74F86D14260A013600CA03EC /* RegisterViewModel.swift */; };
		74F86D47260A013600CA03EC /* AuthCodeViewController.swift in Sources */ = {isa = PBXBuildFile; fileRef = 74F86D16260A013600CA03EC /* AuthCodeViewController.swift */; };
		74F86D48260A013600CA03EC /* CountriesViewController.swift in Sources */ = {isa = PBXBuildFile; fileRef = 74F86D17260A013600CA03EC /* CountriesViewController.swift */; };
		74F86D49260A013600CA03EC /* SignInViewController.swift in Sources */ = {isa = PBXBuildFile; fileRef = 74F86D18260A013600CA03EC /* SignInViewController.swift */; };
		74F86D4A260A013600CA03EC /* RegisterViewController.swift in Sources */ = {isa = PBXBuildFile; fileRef = 74F86D19260A013600CA03EC /* RegisterViewController.swift */; };
		74F86D4B260A013600CA03EC /* ProfileViewModel.swift in Sources */ = {isa = PBXBuildFile; fileRef = 74F86D1C260A013600CA03EC /* ProfileViewModel.swift */; };
		74F86D4C260A013600CA03EC /* ProfileViewController.swift in Sources */ = {isa = PBXBuildFile; fileRef = 74F86D1E260A013600CA03EC /* ProfileViewController.swift */; };
		74F86D4D260A013600CA03EC /* HomeViewModel.swift in Sources */ = {isa = PBXBuildFile; fileRef = 74F86D21260A013600CA03EC /* HomeViewModel.swift */; };
		74F86D4E260A013600CA03EC /* HomeTabBarController.swift in Sources */ = {isa = PBXBuildFile; fileRef = 74F86D23260A013600CA03EC /* HomeTabBarController.swift */; };
		74F86D51260A013600CA03EC /* ChatListViewModel.swift in Sources */ = {isa = PBXBuildFile; fileRef = 74F86D2B260A013600CA03EC /* ChatListViewModel.swift */; };
		74F86D52260A013600CA03EC /* ChatListViewController.swift in Sources */ = {isa = PBXBuildFile; fileRef = 74F86D2D260A013600CA03EC /* ChatListViewController.swift */; };
		74F86D5B260A013600CA03EC /* SearchUserViewModel.swift in Sources */ = {isa = PBXBuildFile; fileRef = 74F86D3B260A013600CA03EC /* SearchUserViewModel.swift */; };
		74F86D5C260A013600CA03EC /* SearchUserViewController.swift in Sources */ = {isa = PBXBuildFile; fileRef = 74F86D3D260A013600CA03EC /* SearchUserViewController.swift */; };
		74F86D72260A0F3400CA03EC /* ChatTableViewCell.swift in Sources */ = {isa = PBXBuildFile; fileRef = 74F86D6A260A0F3400CA03EC /* ChatTableViewCell.swift */; };
		74F86D73260A0F3400CA03EC /* UserTableViewCell.swift in Sources */ = {isa = PBXBuildFile; fileRef = 74F86D6B260A0F3400CA03EC /* UserTableViewCell.swift */; };
		74F86D74260A0F3400CA03EC /* DeleteAccountTableViewCell.swift in Sources */ = {isa = PBXBuildFile; fileRef = 74F86D6D260A0F3400CA03EC /* DeleteAccountTableViewCell.swift */; };
		74F86D75260A0F3400CA03EC /* ChatCustomizeTableViewCell.swift in Sources */ = {isa = PBXBuildFile; fileRef = 74F86D6E260A0F3400CA03EC /* ChatCustomizeTableViewCell.swift */; };
		74F86D76260A0F3500CA03EC /* DarkModeTableViewCell.swift in Sources */ = {isa = PBXBuildFile; fileRef = 74F86D6F260A0F3400CA03EC /* DarkModeTableViewCell.swift */; };
		74F86D77260A0F3500CA03EC /* LanguageTableViewCell.swift in Sources */ = {isa = PBXBuildFile; fileRef = 74F86D70260A0F3400CA03EC /* LanguageTableViewCell.swift */; };
		74F86D78260A0F3500CA03EC /* NotificationTableViewCell.swift in Sources */ = {isa = PBXBuildFile; fileRef = 74F86D71260A0F3400CA03EC /* NotificationTableViewCell.swift */; };
		74F86D87260A101D00CA03EC /* UIImageView+Extension.swift in Sources */ = {isa = PBXBuildFile; fileRef = 74F86D7D260A101D00CA03EC /* UIImageView+Extension.swift */; };
		74F86D88260A101D00CA03EC /* UIColor+extension.swift in Sources */ = {isa = PBXBuildFile; fileRef = 74F86D7E260A101D00CA03EC /* UIColor+extension.swift */; };
		74F86D89260A101D00CA03EC /* UINavController+Extension.swift in Sources */ = {isa = PBXBuildFile; fileRef = 74F86D7F260A101D00CA03EC /* UINavController+Extension.swift */; };
		74F86D8A260A101D00CA03EC /* UIView+Extension.swift in Sources */ = {isa = PBXBuildFile; fileRef = 74F86D80260A101D00CA03EC /* UIView+Extension.swift */; };
		74F86D8B260A101D00CA03EC /* Character+Extension.swift in Sources */ = {isa = PBXBuildFile; fileRef = 74F86D81260A101D00CA03EC /* Character+Extension.swift */; };
		74F86D8C260A101D00CA03EC /* Extension+UILabel.swift in Sources */ = {isa = PBXBuildFile; fileRef = 74F86D82260A101D00CA03EC /* Extension+UILabel.swift */; };
		74F86D8D260A101D00CA03EC /* String+Extension.swift in Sources */ = {isa = PBXBuildFile; fileRef = 74F86D83260A101D00CA03EC /* String+Extension.swift */; };
		74F86D8E260A101D00CA03EC /* DateFormatter+Extension.swift in Sources */ = {isa = PBXBuildFile; fileRef = 74F86D84260A101D00CA03EC /* DateFormatter+Extension.swift */; };
		74F86D8F260A101D00CA03EC /* UIStackView+Extension.swift in Sources */ = {isa = PBXBuildFile; fileRef = 74F86D85260A101D00CA03EC /* UIStackView+Extension.swift */; };
		74F86D90260A101D00CA03EC /* UITextField+Extension.swift in Sources */ = {isa = PBXBuildFile; fileRef = 74F86D86260A101D00CA03EC /* UITextField+Extension.swift */; };
		74F86D97260A10F100CA03EC /* UnSeenMessageBadgeLabel.swift in Sources */ = {isa = PBXBuildFile; fileRef = 74F86D95260A10F100CA03EC /* UnSeenMessageBadgeLabel.swift */; };
		74F86D98260A10F100CA03EC /* PhoneNumberTextField.swift in Sources */ = {isa = PBXBuildFile; fileRef = 74F86D96260A10F100CA03EC /* PhoneNumberTextField.swift */; };
		74F86DA0260A115D00CA03EC /* FBWriteService.swift in Sources */ = {isa = PBXBuildFile; fileRef = 74F86D9D260A115D00CA03EC /* FBWriteService.swift */; };
		74F86DA1260A115D00CA03EC /* FBObserveService.swift in Sources */ = {isa = PBXBuildFile; fileRef = 74F86D9E260A115D00CA03EC /* FBObserveService.swift */; };
		74F86DA2260A115D00CA03EC /* FBStorageService.swift in Sources */ = {isa = PBXBuildFile; fileRef = 74F86D9F260A115D00CA03EC /* FBStorageService.swift */; };
/* End PBXBuildFile section */

/* Begin PBXContainerItemProxy section */
		740D47E02609E62F005C04A2 /* PBXContainerItemProxy */ = {
			isa = PBXContainerItemProxy;
			containerPortal = 740D47C12609E62C005C04A2 /* Project object */;
			proxyType = 1;
			remoteGlobalIDString = 740D47C82609E62C005C04A2;
			remoteInfo = LChat;
		};
		740D47EB2609E62F005C04A2 /* PBXContainerItemProxy */ = {
			isa = PBXContainerItemProxy;
			containerPortal = 740D47C12609E62C005C04A2 /* Project object */;
			proxyType = 1;
			remoteGlobalIDString = 740D47C82609E62C005C04A2;
			remoteInfo = LChat;
		};
/* End PBXContainerItemProxy section */

/* Begin PBXFileReference section */
		0D47C8F982D78634AD736337 /* Pods-LChat-LChatUITests.debug.xcconfig */ = {isa = PBXFileReference; includeInIndex = 1; lastKnownFileType = text.xcconfig; name = "Pods-LChat-LChatUITests.debug.xcconfig"; path = "Target Support Files/Pods-LChat-LChatUITests/Pods-LChat-LChatUITests.debug.xcconfig"; sourceTree = "<group>"; };
		28BD8F15EA1C97E7F7A13961 /* Pods-LChat-LChatUITests.release.xcconfig */ = {isa = PBXFileReference; includeInIndex = 1; lastKnownFileType = text.xcconfig; name = "Pods-LChat-LChatUITests.release.xcconfig"; path = "Target Support Files/Pods-LChat-LChatUITests/Pods-LChat-LChatUITests.release.xcconfig"; sourceTree = "<group>"; };
		3981CB3F2E6B734B070D24F0 /* Pods_LChat_LChatUITests.framework */ = {isa = PBXFileReference; explicitFileType = wrapper.framework; includeInIndex = 0; path = Pods_LChat_LChatUITests.framework; sourceTree = BUILT_PRODUCTS_DIR; };
		4D80D63B26F619DF561BC554 /* Pods-LChatTests.release.xcconfig */ = {isa = PBXFileReference; includeInIndex = 1; lastKnownFileType = text.xcconfig; name = "Pods-LChatTests.release.xcconfig"; path = "Target Support Files/Pods-LChatTests/Pods-LChatTests.release.xcconfig"; sourceTree = "<group>"; };
		527B399BEB5AE46EB9486D5D /* Pods-LChatTests.debug.xcconfig */ = {isa = PBXFileReference; includeInIndex = 1; lastKnownFileType = text.xcconfig; name = "Pods-LChatTests.debug.xcconfig"; path = "Target Support Files/Pods-LChatTests/Pods-LChatTests.debug.xcconfig"; sourceTree = "<group>"; };
		65608C6A72E68721F632596F /* Pods-LChat.debug.xcconfig */ = {isa = PBXFileReference; includeInIndex = 1; lastKnownFileType = text.xcconfig; name = "Pods-LChat.debug.xcconfig"; path = "Target Support Files/Pods-LChat/Pods-LChat.debug.xcconfig"; sourceTree = "<group>"; };
		6D7197217AAB63D1FA8310DA /* Pods_LChat.framework */ = {isa = PBXFileReference; explicitFileType = wrapper.framework; includeInIndex = 0; path = Pods_LChat.framework; sourceTree = BUILT_PRODUCTS_DIR; };
		740D47C92609E62C005C04A2 /* LChat.app */ = {isa = PBXFileReference; explicitFileType = wrapper.application; includeInIndex = 0; path = LChat.app; sourceTree = BUILT_PRODUCTS_DIR; };
		740D47CC2609E62C005C04A2 /* AppDelegate.swift */ = {isa = PBXFileReference; lastKnownFileType = sourcecode.swift; path = AppDelegate.swift; sourceTree = "<group>"; };
		740D47CE2609E62C005C04A2 /* SceneDelegate.swift */ = {isa = PBXFileReference; lastKnownFileType = sourcecode.swift; path = SceneDelegate.swift; sourceTree = "<group>"; };
		740D47D02609E62C005C04A2 /* ViewController.swift */ = {isa = PBXFileReference; lastKnownFileType = sourcecode.swift; path = ViewController.swift; sourceTree = "<group>"; };
		740D47D52609E62E005C04A2 /* Assets.xcassets */ = {isa = PBXFileReference; lastKnownFileType = folder.assetcatalog; path = Assets.xcassets; sourceTree = "<group>"; };
		740D47D82609E62E005C04A2 /* Base */ = {isa = PBXFileReference; lastKnownFileType = file.storyboard; name = Base; path = Base.lproj/LaunchScreen.storyboard; sourceTree = "<group>"; };
		740D47DA2609E62E005C04A2 /* Info.plist */ = {isa = PBXFileReference; lastKnownFileType = text.plist.xml; path = Info.plist; sourceTree = "<group>"; };
		740D47DF2609E62F005C04A2 /* LChatTests.xctest */ = {isa = PBXFileReference; explicitFileType = wrapper.cfbundle; includeInIndex = 0; path = LChatTests.xctest; sourceTree = BUILT_PRODUCTS_DIR; };
		740D47E32609E62F005C04A2 /* LChatTests.swift */ = {isa = PBXFileReference; lastKnownFileType = sourcecode.swift; path = LChatTests.swift; sourceTree = "<group>"; };
		740D47E52609E62F005C04A2 /* Info.plist */ = {isa = PBXFileReference; lastKnownFileType = text.plist.xml; path = Info.plist; sourceTree = "<group>"; };
		740D47EA2609E62F005C04A2 /* LChatUITests.xctest */ = {isa = PBXFileReference; explicitFileType = wrapper.cfbundle; includeInIndex = 0; path = LChatUITests.xctest; sourceTree = BUILT_PRODUCTS_DIR; };
		740D47EE2609E62F005C04A2 /* LChatUITests.swift */ = {isa = PBXFileReference; lastKnownFileType = sourcecode.swift; path = LChatUITests.swift; sourceTree = "<group>"; };
		740D47F02609E62F005C04A2 /* Info.plist */ = {isa = PBXFileReference; lastKnownFileType = text.plist.xml; path = Info.plist; sourceTree = "<group>"; };
		74F86CB02609F9BC00CA03EC /* GoogleService-Info.plist */ = {isa = PBXFileReference; fileEncoding = 4; lastKnownFileType = text.plist.xml; path = "GoogleService-Info.plist"; sourceTree = "<group>"; };
		74F86CC32609FFE700CA03EC /* ChatNavigator.swift */ = {isa = PBXFileReference; fileEncoding = 4; lastKnownFileType = sourcecode.swift; path = ChatNavigator.swift; sourceTree = "<group>"; };
		74F86CC82609FFF200CA03EC /* LoginNavigator.swift */ = {isa = PBXFileReference; fileEncoding = 4; lastKnownFileType = sourcecode.swift; path = LoginNavigator.swift; sourceTree = "<group>"; };
		74F86CCD2609FFFB00CA03EC /* Navigator.swift */ = {isa = PBXFileReference; fileEncoding = 4; lastKnownFileType = sourcecode.swift; path = Navigator.swift; sourceTree = "<group>"; };
		74F86CDF260A007600CA03EC /* FBDatabaseLoader.swift */ = {isa = PBXFileReference; fileEncoding = 4; lastKnownFileType = sourcecode.swift; path = FBDatabaseLoader.swift; sourceTree = "<group>"; };
		74F86CE0260A007600CA03EC /* ChatService.swift */ = {isa = PBXFileReference; fileEncoding = 4; lastKnownFileType = sourcecode.swift; path = ChatService.swift; sourceTree = "<group>"; };
		74F86CE1260A007600CA03EC /* ObserveService.swift */ = {isa = PBXFileReference; fileEncoding = 4; lastKnownFileType = sourcecode.swift; path = ObserveService.swift; sourceTree = "<group>"; };
		74F86CE3260A007700CA03EC /* FIRDatabaseSearcher.swift */ = {isa = PBXFileReference; fileEncoding = 4; lastKnownFileType = sourcecode.swift; path = FIRDatabaseSearcher.swift; sourceTree = "<group>"; };
		74F86CE4260A007700CA03EC /* FirebasePath.swift */ = {isa = PBXFileReference; fileEncoding = 4; lastKnownFileType = sourcecode.swift; path = FirebasePath.swift; sourceTree = "<group>"; };
		74F86CE5260A007700CA03EC /* User.swift */ = {isa = PBXFileReference; fileEncoding = 4; lastKnownFileType = sourcecode.swift; path = User.swift; sourceTree = "<group>"; };
		74F86CE7260A007700CA03EC /* MainAssembler.swift */ = {isa = PBXFileReference; fileEncoding = 4; lastKnownFileType = sourcecode.swift; path = MainAssembler.swift; sourceTree = "<group>"; };
		74F86CE8260A007700CA03EC /* Chat.swift */ = {isa = PBXFileReference; fileEncoding = 4; lastKnownFileType = sourcecode.swift; path = Chat.swift; sourceTree = "<group>"; };
		74F86CE9260A007700CA03EC /* Message.swift */ = {isa = PBXFileReference; fileEncoding = 4; lastKnownFileType = sourcecode.swift; path = Message.swift; sourceTree = "<group>"; };
		74F86CEB260A007700CA03EC /* PhoneNumber.swift */ = {isa = PBXFileReference; fileEncoding = 4; lastKnownFileType = sourcecode.swift; path = PhoneNumber.swift; sourceTree = "<group>"; };
		74F86CEC260A007700CA03EC /* FBAuthManager.swift */ = {isa = PBXFileReference; fileEncoding = 4; lastKnownFileType = sourcecode.swift; path = FBAuthManager.swift; sourceTree = "<group>"; };
		74F86CED260A007700CA03EC /* CountrySelector.swift */ = {isa = PBXFileReference; fileEncoding = 4; lastKnownFileType = sourcecode.swift; path = CountrySelector.swift; sourceTree = "<group>"; };
		74F86CEE260A007700CA03EC /* UserRegisterData.swift */ = {isa = PBXFileReference; fileEncoding = 4; lastKnownFileType = sourcecode.swift; path = UserRegisterData.swift; sourceTree = "<group>"; };
		74F86CF0260A007700CA03EC /* Bindable.swift */ = {isa = PBXFileReference; fileEncoding = 4; lastKnownFileType = sourcecode.swift; path = Bindable.swift; sourceTree = "<group>"; };
		74F86D05260A013600CA03EC /* ChatViewModel.swift */ = {isa = PBXFileReference; fileEncoding = 4; lastKnownFileType = sourcecode.swift; path = ChatViewModel.swift; sourceTree = "<group>"; };
		74F86D09260A013600CA03EC /* ChatViewController.swift */ = {isa = PBXFileReference; fileEncoding = 4; lastKnownFileType = sourcecode.swift; path = ChatViewController.swift; sourceTree = "<group>"; };
		74F86D0C260A013600CA03EC /* SettingViewModel.swift */ = {isa = PBXFileReference; fileEncoding = 4; lastKnownFileType = sourcecode.swift; path = SettingViewModel.swift; sourceTree = "<group>"; };
		74F86D0E260A013600CA03EC /* SettingViewController.swift */ = {isa = PBXFileReference; fileEncoding = 4; lastKnownFileType = sourcecode.swift; path = SettingViewController.swift; sourceTree = "<group>"; };
		74F86D11260A013600CA03EC /* AuthCodeViewModel.swift */ = {isa = PBXFileReference; fileEncoding = 4; lastKnownFileType = sourcecode.swift; path = AuthCodeViewModel.swift; sourceTree = "<group>"; };
		74F86D12260A013600CA03EC /* CountriesViewModel.swift */ = {isa = PBXFileReference; fileEncoding = 4; lastKnownFileType = sourcecode.swift; path = CountriesViewModel.swift; sourceTree = "<group>"; };
		74F86D13260A013600CA03EC /* SigninViewModel.swift */ = {isa = PBXFileReference; fileEncoding = 4; lastKnownFileType = sourcecode.swift; path = SigninViewModel.swift; sourceTree = "<group>"; };
		74F86D14260A013600CA03EC /* RegisterViewModel.swift */ = {isa = PBXFileReference; fileEncoding = 4; lastKnownFileType = sourcecode.swift; path = RegisterViewModel.swift; sourceTree = "<group>"; };
		74F86D16260A013600CA03EC /* AuthCodeViewController.swift */ = {isa = PBXFileReference; fileEncoding = 4; lastKnownFileType = sourcecode.swift; path = AuthCodeViewController.swift; sourceTree = "<group>"; };
		74F86D17260A013600CA03EC /* CountriesViewController.swift */ = {isa = PBXFileReference; fileEncoding = 4; lastKnownFileType = sourcecode.swift; path = CountriesViewController.swift; sourceTree = "<group>"; };
		74F86D18260A013600CA03EC /* SignInViewController.swift */ = {isa = PBXFileReference; fileEncoding = 4; lastKnownFileType = sourcecode.swift; path = SignInViewController.swift; sourceTree = "<group>"; };
		74F86D19260A013600CA03EC /* RegisterViewController.swift */ = {isa = PBXFileReference; fileEncoding = 4; lastKnownFileType = sourcecode.swift; path = RegisterViewController.swift; sourceTree = "<group>"; };
		74F86D1C260A013600CA03EC /* ProfileViewModel.swift */ = {isa = PBXFileReference; fileEncoding = 4; lastKnownFileType = sourcecode.swift; path = ProfileViewModel.swift; sourceTree = "<group>"; };
		74F86D1E260A013600CA03EC /* ProfileViewController.swift */ = {isa = PBXFileReference; fileEncoding = 4; lastKnownFileType = sourcecode.swift; path = ProfileViewController.swift; sourceTree = "<group>"; };
		74F86D21260A013600CA03EC /* HomeViewModel.swift */ = {isa = PBXFileReference; fileEncoding = 4; lastKnownFileType = sourcecode.swift; path = HomeViewModel.swift; sourceTree = "<group>"; };
		74F86D23260A013600CA03EC /* HomeTabBarController.swift */ = {isa = PBXFileReference; fileEncoding = 4; lastKnownFileType = sourcecode.swift; path = HomeTabBarController.swift; sourceTree = "<group>"; };
		74F86D2B260A013600CA03EC /* ChatListViewModel.swift */ = {isa = PBXFileReference; fileEncoding = 4; lastKnownFileType = sourcecode.swift; path = ChatListViewModel.swift; sourceTree = "<group>"; };
		74F86D2D260A013600CA03EC /* ChatListViewController.swift */ = {isa = PBXFileReference; fileEncoding = 4; lastKnownFileType = sourcecode.swift; path = ChatListViewController.swift; sourceTree = "<group>"; };
		74F86D3B260A013600CA03EC /* SearchUserViewModel.swift */ = {isa = PBXFileReference; fileEncoding = 4; lastKnownFileType = sourcecode.swift; path = SearchUserViewModel.swift; sourceTree = "<group>"; };
		74F86D3D260A013600CA03EC /* SearchUserViewController.swift */ = {isa = PBXFileReference; fileEncoding = 4; lastKnownFileType = sourcecode.swift; path = SearchUserViewController.swift; sourceTree = "<group>"; };
		74F86D6A260A0F3400CA03EC /* ChatTableViewCell.swift */ = {isa = PBXFileReference; fileEncoding = 4; lastKnownFileType = sourcecode.swift; path = ChatTableViewCell.swift; sourceTree = "<group>"; };
		74F86D6B260A0F3400CA03EC /* UserTableViewCell.swift */ = {isa = PBXFileReference; fileEncoding = 4; lastKnownFileType = sourcecode.swift; path = UserTableViewCell.swift; sourceTree = "<group>"; };
		74F86D6D260A0F3400CA03EC /* DeleteAccountTableViewCell.swift */ = {isa = PBXFileReference; fileEncoding = 4; lastKnownFileType = sourcecode.swift; path = DeleteAccountTableViewCell.swift; sourceTree = "<group>"; };
		74F86D6E260A0F3400CA03EC /* ChatCustomizeTableViewCell.swift */ = {isa = PBXFileReference; fileEncoding = 4; lastKnownFileType = sourcecode.swift; path = ChatCustomizeTableViewCell.swift; sourceTree = "<group>"; };
		74F86D6F260A0F3400CA03EC /* DarkModeTableViewCell.swift */ = {isa = PBXFileReference; fileEncoding = 4; lastKnownFileType = sourcecode.swift; path = DarkModeTableViewCell.swift; sourceTree = "<group>"; };
		74F86D70260A0F3400CA03EC /* LanguageTableViewCell.swift */ = {isa = PBXFileReference; fileEncoding = 4; lastKnownFileType = sourcecode.swift; path = LanguageTableViewCell.swift; sourceTree = "<group>"; };
		74F86D71260A0F3400CA03EC /* NotificationTableViewCell.swift */ = {isa = PBXFileReference; fileEncoding = 4; lastKnownFileType = sourcecode.swift; path = NotificationTableViewCell.swift; sourceTree = "<group>"; };
		74F86D7D260A101D00CA03EC /* UIImageView+Extension.swift */ = {isa = PBXFileReference; fileEncoding = 4; lastKnownFileType = sourcecode.swift; path = "UIImageView+Extension.swift"; sourceTree = "<group>"; };
		74F86D7E260A101D00CA03EC /* UIColor+extension.swift */ = {isa = PBXFileReference; fileEncoding = 4; lastKnownFileType = sourcecode.swift; path = "UIColor+extension.swift"; sourceTree = "<group>"; };
		74F86D7F260A101D00CA03EC /* UINavController+Extension.swift */ = {isa = PBXFileReference; fileEncoding = 4; lastKnownFileType = sourcecode.swift; path = "UINavController+Extension.swift"; sourceTree = "<group>"; };
		74F86D80260A101D00CA03EC /* UIView+Extension.swift */ = {isa = PBXFileReference; fileEncoding = 4; lastKnownFileType = sourcecode.swift; path = "UIView+Extension.swift"; sourceTree = "<group>"; };
		74F86D81260A101D00CA03EC /* Character+Extension.swift */ = {isa = PBXFileReference; fileEncoding = 4; lastKnownFileType = sourcecode.swift; path = "Character+Extension.swift"; sourceTree = "<group>"; };
		74F86D82260A101D00CA03EC /* Extension+UILabel.swift */ = {isa = PBXFileReference; fileEncoding = 4; lastKnownFileType = sourcecode.swift; path = "Extension+UILabel.swift"; sourceTree = "<group>"; };
		74F86D83260A101D00CA03EC /* String+Extension.swift */ = {isa = PBXFileReference; fileEncoding = 4; lastKnownFileType = sourcecode.swift; path = "String+Extension.swift"; sourceTree = "<group>"; };
		74F86D84260A101D00CA03EC /* DateFormatter+Extension.swift */ = {isa = PBXFileReference; fileEncoding = 4; lastKnownFileType = sourcecode.swift; path = "DateFormatter+Extension.swift"; sourceTree = "<group>"; };
		74F86D85260A101D00CA03EC /* UIStackView+Extension.swift */ = {isa = PBXFileReference; fileEncoding = 4; lastKnownFileType = sourcecode.swift; path = "UIStackView+Extension.swift"; sourceTree = "<group>"; };
		74F86D86260A101D00CA03EC /* UITextField+Extension.swift */ = {isa = PBXFileReference; fileEncoding = 4; lastKnownFileType = sourcecode.swift; path = "UITextField+Extension.swift"; sourceTree = "<group>"; };
		74F86D95260A10F100CA03EC /* UnSeenMessageBadgeLabel.swift */ = {isa = PBXFileReference; fileEncoding = 4; lastKnownFileType = sourcecode.swift; path = UnSeenMessageBadgeLabel.swift; sourceTree = "<group>"; };
		74F86D96260A10F100CA03EC /* PhoneNumberTextField.swift */ = {isa = PBXFileReference; fileEncoding = 4; lastKnownFileType = sourcecode.swift; path = PhoneNumberTextField.swift; sourceTree = "<group>"; };
		74F86D9D260A115D00CA03EC /* FBWriteService.swift */ = {isa = PBXFileReference; fileEncoding = 4; lastKnownFileType = sourcecode.swift; path = FBWriteService.swift; sourceTree = "<group>"; };
		74F86D9E260A115D00CA03EC /* FBObserveService.swift */ = {isa = PBXFileReference; fileEncoding = 4; lastKnownFileType = sourcecode.swift; path = FBObserveService.swift; sourceTree = "<group>"; };
		74F86D9F260A115D00CA03EC /* FBStorageService.swift */ = {isa = PBXFileReference; fileEncoding = 4; lastKnownFileType = sourcecode.swift; path = FBStorageService.swift; sourceTree = "<group>"; };
		AC207C6CA9B66BA72A81161E /* Pods-LChat.release.xcconfig */ = {isa = PBXFileReference; includeInIndex = 1; lastKnownFileType = text.xcconfig; name = "Pods-LChat.release.xcconfig"; path = "Target Support Files/Pods-LChat/Pods-LChat.release.xcconfig"; sourceTree = "<group>"; };
		FD6279072B7B6ADB04DB401A /* Pods_LChatTests.framework */ = {isa = PBXFileReference; explicitFileType = wrapper.framework; includeInIndex = 0; path = Pods_LChatTests.framework; sourceTree = BUILT_PRODUCTS_DIR; };
/* End PBXFileReference section */

/* Begin PBXFrameworksBuildPhase section */
		740D47C62609E62C005C04A2 /* Frameworks */ = {
			isa = PBXFrameworksBuildPhase;
			buildActionMask = 2147483647;
			files = (
				657901CEF1CE3288BAD0F93C /* Pods_LChat.framework in Frameworks */,
			);
			runOnlyForDeploymentPostprocessing = 0;
		};
		740D47DC2609E62F005C04A2 /* Frameworks */ = {
			isa = PBXFrameworksBuildPhase;
			buildActionMask = 2147483647;
			files = (
				59F039AF8762A319AA3B484C /* Pods_LChatTests.framework in Frameworks */,
			);
			runOnlyForDeploymentPostprocessing = 0;
		};
		740D47E72609E62F005C04A2 /* Frameworks */ = {
			isa = PBXFrameworksBuildPhase;
			buildActionMask = 2147483647;
			files = (
				226772B71B544A82523DDDCE /* Pods_LChat_LChatUITests.framework in Frameworks */,
			);
			runOnlyForDeploymentPostprocessing = 0;
		};
/* End PBXFrameworksBuildPhase section */

/* Begin PBXGroup section */
		1EF124EBE5FB9AA94C202B82 /* Frameworks */ = {
			isa = PBXGroup;
			children = (
				6D7197217AAB63D1FA8310DA /* Pods_LChat.framework */,
				3981CB3F2E6B734B070D24F0 /* Pods_LChat_LChatUITests.framework */,
				FD6279072B7B6ADB04DB401A /* Pods_LChatTests.framework */,
			);
			name = Frameworks;
			sourceTree = "<group>";
		};
		740D47C02609E62C005C04A2 = {
			isa = PBXGroup;
			children = (
				740D47CB2609E62C005C04A2 /* LChat */,
				740D47E22609E62F005C04A2 /* LChatTests */,
				740D47ED2609E62F005C04A2 /* LChatUITests */,
				740D47CA2609E62C005C04A2 /* Products */,
				7D8E8B6B17765BD47F807B30 /* Pods */,
				1EF124EBE5FB9AA94C202B82 /* Frameworks */,
			);
			sourceTree = "<group>";
		};
		740D47CA2609E62C005C04A2 /* Products */ = {
			isa = PBXGroup;
			children = (
				740D47C92609E62C005C04A2 /* LChat.app */,
				740D47DF2609E62F005C04A2 /* LChatTests.xctest */,
				740D47EA2609E62F005C04A2 /* LChatUITests.xctest */,
			);
			name = Products;
			sourceTree = "<group>";
		};
		740D47CB2609E62C005C04A2 /* LChat */ = {
			isa = PBXGroup;
			children = (
				74F86D9C260A115D00CA03EC /* Services */,
				74F86D94260A10F100CA03EC /* Views */,
				74F86D7C260A101D00CA03EC /* Extensions */,
				74F86D69260A0F3400CA03EC /* Cells */,
				74F86D02260A013600CA03EC /* Modules */,
				74F86CC22609FFA600CA03EC /* Navigators */,
				74F86CB52609FEA000CA03EC /* Models */,
				740D47CC2609E62C005C04A2 /* AppDelegate.swift */,
				740D47CE2609E62C005C04A2 /* SceneDelegate.swift */,
				740D47D02609E62C005C04A2 /* ViewController.swift */,
				740D47D52609E62E005C04A2 /* Assets.xcassets */,
				740D47D72609E62E005C04A2 /* LaunchScreen.storyboard */,
				740D47DA2609E62E005C04A2 /* Info.plist */,
				74F86CB02609F9BC00CA03EC /* GoogleService-Info.plist */,
			);
			path = LChat;
			sourceTree = "<group>";
		};
		740D47E22609E62F005C04A2 /* LChatTests */ = {
			isa = PBXGroup;
			children = (
				740D47E32609E62F005C04A2 /* LChatTests.swift */,
				740D47E52609E62F005C04A2 /* Info.plist */,
			);
			path = LChatTests;
			sourceTree = "<group>";
		};
		740D47ED2609E62F005C04A2 /* LChatUITests */ = {
			isa = PBXGroup;
			children = (
				740D47EE2609E62F005C04A2 /* LChatUITests.swift */,
				740D47F02609E62F005C04A2 /* Info.plist */,
			);
			path = LChatUITests;
			sourceTree = "<group>";
		};
		74F86CB52609FEA000CA03EC /* Models */ = {
			isa = PBXGroup;
			children = (
				74F86CE6260A007700CA03EC /* Assembly */,
				74F86CEF260A007700CA03EC /* Bind */,
				74F86CE8260A007700CA03EC /* Chat.swift */,
				74F86CDE260A007600CA03EC /* ChatService */,
				74F86CE2260A007700CA03EC /* FirebaseDatabase */,
				74F86CEA260A007700CA03EC /* LoginSession */,
				74F86CE9260A007700CA03EC /* Message.swift */,
				74F86CE5260A007700CA03EC /* User.swift */,
			);
			path = Models;
			sourceTree = "<group>";
		};
		74F86CC22609FFA600CA03EC /* Navigators */ = {
			isa = PBXGroup;
			children = (
				74F86CC32609FFE700CA03EC /* ChatNavigator.swift */,
				74F86CC82609FFF200CA03EC /* LoginNavigator.swift */,
				74F86CCD2609FFFB00CA03EC /* Navigator.swift */,
			);
			path = Navigators;
			sourceTree = "<group>";
		};
		74F86CDE260A007600CA03EC /* ChatService */ = {
			isa = PBXGroup;
			children = (
				74F86CDF260A007600CA03EC /* FBDatabaseLoader.swift */,
				74F86CE0260A007600CA03EC /* ChatService.swift */,
				74F86CE1260A007600CA03EC /* ObserveService.swift */,
			);
			path = ChatService;
			sourceTree = "<group>";
		};
		74F86CE2260A007700CA03EC /* FirebaseDatabase */ = {
			isa = PBXGroup;
			children = (
				74F86CE3260A007700CA03EC /* FIRDatabaseSearcher.swift */,
				74F86CE4260A007700CA03EC /* FirebasePath.swift */,
			);
			path = FirebaseDatabase;
			sourceTree = "<group>";
		};
		74F86CE6260A007700CA03EC /* Assembly */ = {
			isa = PBXGroup;
			children = (
				74F86CE7260A007700CA03EC /* MainAssembler.swift */,
			);
			path = Assembly;
			sourceTree = "<group>";
		};
		74F86CEA260A007700CA03EC /* LoginSession */ = {
			isa = PBXGroup;
			children = (
				74F86CEB260A007700CA03EC /* PhoneNumber.swift */,
				74F86CEC260A007700CA03EC /* FBAuthManager.swift */,
				74F86CED260A007700CA03EC /* CountrySelector.swift */,
				74F86CEE260A007700CA03EC /* UserRegisterData.swift */,
			);
			path = LoginSession;
			sourceTree = "<group>";
		};
		74F86CEF260A007700CA03EC /* Bind */ = {
			isa = PBXGroup;
			children = (
				74F86CF0260A007700CA03EC /* Bindable.swift */,
			);
			path = Bind;
			sourceTree = "<group>";
		};
		74F86D02260A013600CA03EC /* Modules */ = {
			isa = PBXGroup;
			children = (
				74F86D03260A013600CA03EC /* ChatModule */,
				74F86D0A260A013600CA03EC /* SettingModule */,
				74F86D0F260A013600CA03EC /* LoginModule */,
				74F86D1A260A013600CA03EC /* ProfileModule */,
				74F86D1F260A013600CA03EC /* HomeModule */,
				74F86D29260A013600CA03EC /* ChatListModule */,
				74F86D39260A013600CA03EC /* SearchModule */,
			);
			path = Modules;
			sourceTree = "<group>";
		};
		74F86D03260A013600CA03EC /* ChatModule */ = {
			isa = PBXGroup;
			children = (
				74F86D04260A013600CA03EC /* ViewModel */,
				74F86D08260A013600CA03EC /* Controllers */,
			);
			path = ChatModule;
			sourceTree = "<group>";
		};
		74F86D04260A013600CA03EC /* ViewModel */ = {
			isa = PBXGroup;
			children = (
				74F86D05260A013600CA03EC /* ChatViewModel.swift */,
			);
			path = ViewModel;
			sourceTree = "<group>";
		};
		74F86D08260A013600CA03EC /* Controllers */ = {
			isa = PBXGroup;
			children = (
				74F86D09260A013600CA03EC /* ChatViewController.swift */,
			);
			path = Controllers;
			sourceTree = "<group>";
		};
		74F86D0A260A013600CA03EC /* SettingModule */ = {
			isa = PBXGroup;
			children = (
				74F86D0B260A013600CA03EC /* ViewModel */,
				74F86D0D260A013600CA03EC /* View */,
			);
			path = SettingModule;
			sourceTree = "<group>";
		};
		74F86D0B260A013600CA03EC /* ViewModel */ = {
			isa = PBXGroup;
			children = (
				74F86D0C260A013600CA03EC /* SettingViewModel.swift */,
			);
			path = ViewModel;
			sourceTree = "<group>";
		};
		74F86D0D260A013600CA03EC /* View */ = {
			isa = PBXGroup;
			children = (
				74F86D0E260A013600CA03EC /* SettingViewController.swift */,
			);
			path = View;
			sourceTree = "<group>";
		};
		74F86D0F260A013600CA03EC /* LoginModule */ = {
			isa = PBXGroup;
			children = (
				74F86D10260A013600CA03EC /* ViewModels */,
				74F86D15260A013600CA03EC /* Controllers */,
			);
			path = LoginModule;
			sourceTree = "<group>";
		};
		74F86D10260A013600CA03EC /* ViewModels */ = {
			isa = PBXGroup;
			children = (
				74F86D11260A013600CA03EC /* AuthCodeViewModel.swift */,
				74F86D12260A013600CA03EC /* CountriesViewModel.swift */,
				74F86D13260A013600CA03EC /* SigninViewModel.swift */,
				74F86D14260A013600CA03EC /* RegisterViewModel.swift */,
			);
			path = ViewModels;
			sourceTree = "<group>";
		};
		74F86D15260A013600CA03EC /* Controllers */ = {
			isa = PBXGroup;
			children = (
				74F86D16260A013600CA03EC /* AuthCodeViewController.swift */,
				74F86D17260A013600CA03EC /* CountriesViewController.swift */,
				74F86D18260A013600CA03EC /* SignInViewController.swift */,
				74F86D19260A013600CA03EC /* RegisterViewController.swift */,
			);
			path = Controllers;
			sourceTree = "<group>";
		};
		74F86D1A260A013600CA03EC /* ProfileModule */ = {
			isa = PBXGroup;
			children = (
				74F86D1B260A013600CA03EC /* ViewModel */,
				74F86D1D260A013600CA03EC /* View */,
			);
			path = ProfileModule;
			sourceTree = "<group>";
		};
		74F86D1B260A013600CA03EC /* ViewModel */ = {
			isa = PBXGroup;
			children = (
				74F86D1C260A013600CA03EC /* ProfileViewModel.swift */,
			);
			path = ViewModel;
			sourceTree = "<group>";
		};
		74F86D1D260A013600CA03EC /* View */ = {
			isa = PBXGroup;
			children = (
				74F86D1E260A013600CA03EC /* ProfileViewController.swift */,
			);
			path = View;
			sourceTree = "<group>";
		};
		74F86D1F260A013600CA03EC /* HomeModule */ = {
			isa = PBXGroup;
			children = (
				74F86D20260A013600CA03EC /* ViewModel */,
				74F86D22260A013600CA03EC /* ViewController */,
			);
			path = HomeModule;
			sourceTree = "<group>";
		};
		74F86D20260A013600CA03EC /* ViewModel */ = {
			isa = PBXGroup;
			children = (
				74F86D21260A013600CA03EC /* HomeViewModel.swift */,
			);
			path = ViewModel;
			sourceTree = "<group>";
		};
		74F86D22260A013600CA03EC /* ViewController */ = {
			isa = PBXGroup;
			children = (
				74F86D23260A013600CA03EC /* HomeTabBarController.swift */,
			);
			path = ViewController;
			sourceTree = "<group>";
		};
		74F86D29260A013600CA03EC /* ChatListModule */ = {
			isa = PBXGroup;
			children = (
				74F86D2A260A013600CA03EC /* ViewModel */,
				74F86D2C260A013600CA03EC /* ViewController */,
			);
			path = ChatListModule;
			sourceTree = "<group>";
		};
		74F86D2A260A013600CA03EC /* ViewModel */ = {
			isa = PBXGroup;
			children = (
				74F86D2B260A013600CA03EC /* ChatListViewModel.swift */,
			);
			path = ViewModel;
			sourceTree = "<group>";
		};
		74F86D2C260A013600CA03EC /* ViewController */ = {
			isa = PBXGroup;
			children = (
				74F86D2D260A013600CA03EC /* ChatListViewController.swift */,
			);
			path = ViewController;
			sourceTree = "<group>";
		};
		74F86D39260A013600CA03EC /* SearchModule */ = {
			isa = PBXGroup;
			children = (
				74F86D3A260A013600CA03EC /* ViewModels */,
				74F86D3C260A013600CA03EC /* Controllers */,
			);
			path = SearchModule;
			sourceTree = "<group>";
		};
		74F86D3A260A013600CA03EC /* ViewModels */ = {
			isa = PBXGroup;
			children = (
				74F86D3B260A013600CA03EC /* SearchUserViewModel.swift */,
			);
			path = ViewModels;
			sourceTree = "<group>";
		};
		74F86D3C260A013600CA03EC /* Controllers */ = {
			isa = PBXGroup;
			children = (
				74F86D3D260A013600CA03EC /* SearchUserViewController.swift */,
			);
			path = Controllers;
			sourceTree = "<group>";
		};
		74F86D69260A0F3400CA03EC /* Cells */ = {
			isa = PBXGroup;
			children = (
				74F86D6A260A0F3400CA03EC /* ChatTableViewCell.swift */,
				74F86D6B260A0F3400CA03EC /* UserTableViewCell.swift */,
				74F86D6C260A0F3400CA03EC /* SettingCells */,
			);
			path = Cells;
			sourceTree = "<group>";
		};
		74F86D6C260A0F3400CA03EC /* SettingCells */ = {
			isa = PBXGroup;
			children = (
				74F86D6D260A0F3400CA03EC /* DeleteAccountTableViewCell.swift */,
				74F86D6E260A0F3400CA03EC /* ChatCustomizeTableViewCell.swift */,
				74F86D6F260A0F3400CA03EC /* DarkModeTableViewCell.swift */,
				74F86D70260A0F3400CA03EC /* LanguageTableViewCell.swift */,
				74F86D71260A0F3400CA03EC /* NotificationTableViewCell.swift */,
			);
			path = SettingCells;
			sourceTree = "<group>";
		};
		74F86D7C260A101D00CA03EC /* Extensions */ = {
			isa = PBXGroup;
			children = (
				74F86D7D260A101D00CA03EC /* UIImageView+Extension.swift */,
				74F86D7E260A101D00CA03EC /* UIColor+extension.swift */,
				74F86D7F260A101D00CA03EC /* UINavController+Extension.swift */,
				74F86D80260A101D00CA03EC /* UIView+Extension.swift */,
				74F86D81260A101D00CA03EC /* Character+Extension.swift */,
				74F86D82260A101D00CA03EC /* Extension+UILabel.swift */,
				74F86D83260A101D00CA03EC /* String+Extension.swift */,
				74F86D84260A101D00CA03EC /* DateFormatter+Extension.swift */,
				74F86D85260A101D00CA03EC /* UIStackView+Extension.swift */,
				74F86D86260A101D00CA03EC /* UITextField+Extension.swift */,
			);
			path = Extensions;
			sourceTree = "<group>";
		};
		74F86D94260A10F100CA03EC /* Views */ = {
			isa = PBXGroup;
			children = (
				74F86D95260A10F100CA03EC /* UnSeenMessageBadgeLabel.swift */,
				74F86D96260A10F100CA03EC /* PhoneNumberTextField.swift */,
			);
			path = Views;
			sourceTree = "<group>";
		};
		74F86D9C260A115D00CA03EC /* Services */ = {
			isa = PBXGroup;
			children = (
				74F86D9D260A115D00CA03EC /* FBWriteService.swift */,
				74F86D9E260A115D00CA03EC /* FBObserveService.swift */,
				74F86D9F260A115D00CA03EC /* FBStorageService.swift */,
			);
			path = Services;
			sourceTree = "<group>";
		};
		7D8E8B6B17765BD47F807B30 /* Pods */ = {
			isa = PBXGroup;
			children = (
				65608C6A72E68721F632596F /* Pods-LChat.debug.xcconfig */,
				AC207C6CA9B66BA72A81161E /* Pods-LChat.release.xcconfig */,
				0D47C8F982D78634AD736337 /* Pods-LChat-LChatUITests.debug.xcconfig */,
				28BD8F15EA1C97E7F7A13961 /* Pods-LChat-LChatUITests.release.xcconfig */,
				527B399BEB5AE46EB9486D5D /* Pods-LChatTests.debug.xcconfig */,
				4D80D63B26F619DF561BC554 /* Pods-LChatTests.release.xcconfig */,
			);
			path = Pods;
			sourceTree = "<group>";
		};
/* End PBXGroup section */

/* Begin PBXNativeTarget section */
		740D47C82609E62C005C04A2 /* LChat */ = {
			isa = PBXNativeTarget;
			buildConfigurationList = 740D47F32609E62F005C04A2 /* Build configuration list for PBXNativeTarget "LChat" */;
			buildPhases = (
				F715B7404BC509A2C02E053A /* [CP] Check Pods Manifest.lock */,
				740D47C52609E62C005C04A2 /* Sources */,
				740D47C62609E62C005C04A2 /* Frameworks */,
				740D47C72609E62C005C04A2 /* Resources */,
				5751107985D062BC58392D3C /* [CP] Embed Pods Frameworks */,
			);
			buildRules = (
			);
			dependencies = (
			);
			name = LChat;
			productName = LChat;
			productReference = 740D47C92609E62C005C04A2 /* LChat.app */;
			productType = "com.apple.product-type.application";
		};
		740D47DE2609E62F005C04A2 /* LChatTests */ = {
			isa = PBXNativeTarget;
			buildConfigurationList = 740D47F62609E62F005C04A2 /* Build configuration list for PBXNativeTarget "LChatTests" */;
			buildPhases = (
				82D2BBDBC6FC14924D42C3B4 /* [CP] Check Pods Manifest.lock */,
				740D47DB2609E62F005C04A2 /* Sources */,
				740D47DC2609E62F005C04A2 /* Frameworks */,
				740D47DD2609E62F005C04A2 /* Resources */,
			);
			buildRules = (
			);
			dependencies = (
				740D47E12609E62F005C04A2 /* PBXTargetDependency */,
			);
			name = LChatTests;
			productName = LChatTests;
			productReference = 740D47DF2609E62F005C04A2 /* LChatTests.xctest */;
			productType = "com.apple.product-type.bundle.unit-test";
		};
		740D47E92609E62F005C04A2 /* LChatUITests */ = {
			isa = PBXNativeTarget;
			buildConfigurationList = 740D47F92609E62F005C04A2 /* Build configuration list for PBXNativeTarget "LChatUITests" */;
			buildPhases = (
				9AED42CAE392882583D0432E /* [CP] Check Pods Manifest.lock */,
				740D47E62609E62F005C04A2 /* Sources */,
				740D47E72609E62F005C04A2 /* Frameworks */,
				740D47E82609E62F005C04A2 /* Resources */,
				D132E4212CB0268DD73EC847 /* [CP] Embed Pods Frameworks */,
			);
			buildRules = (
			);
			dependencies = (
				740D47EC2609E62F005C04A2 /* PBXTargetDependency */,
			);
			name = LChatUITests;
			productName = LChatUITests;
			productReference = 740D47EA2609E62F005C04A2 /* LChatUITests.xctest */;
			productType = "com.apple.product-type.bundle.ui-testing";
		};
/* End PBXNativeTarget section */

/* Begin PBXProject section */
		740D47C12609E62C005C04A2 /* Project object */ = {
			isa = PBXProject;
			attributes = {
				LastSwiftUpdateCheck = 1230;
				LastUpgradeCheck = 1230;
				TargetAttributes = {
					740D47C82609E62C005C04A2 = {
						CreatedOnToolsVersion = 12.3;
					};
					740D47DE2609E62F005C04A2 = {
						CreatedOnToolsVersion = 12.3;
						TestTargetID = 740D47C82609E62C005C04A2;
					};
					740D47E92609E62F005C04A2 = {
						CreatedOnToolsVersion = 12.3;
						TestTargetID = 740D47C82609E62C005C04A2;
					};
				};
			};
			buildConfigurationList = 740D47C42609E62C005C04A2 /* Build configuration list for PBXProject "LChat" */;
			compatibilityVersion = "Xcode 9.3";
			developmentRegion = en;
			hasScannedForEncodings = 0;
			knownRegions = (
				en,
				Base,
			);
			mainGroup = 740D47C02609E62C005C04A2;
			productRefGroup = 740D47CA2609E62C005C04A2 /* Products */;
			projectDirPath = "";
			projectRoot = "";
			targets = (
				740D47C82609E62C005C04A2 /* LChat */,
				740D47DE2609E62F005C04A2 /* LChatTests */,
				740D47E92609E62F005C04A2 /* LChatUITests */,
			);
		};
/* End PBXProject section */

/* Begin PBXResourcesBuildPhase section */
		740D47C72609E62C005C04A2 /* Resources */ = {
			isa = PBXResourcesBuildPhase;
			buildActionMask = 2147483647;
			files = (
				740D47D92609E62E005C04A2 /* LaunchScreen.storyboard in Resources */,
				740D47D62609E62E005C04A2 /* Assets.xcassets in Resources */,
				74F86CB12609F9BC00CA03EC /* GoogleService-Info.plist in Resources */,
			);
			runOnlyForDeploymentPostprocessing = 0;
		};
		740D47DD2609E62F005C04A2 /* Resources */ = {
			isa = PBXResourcesBuildPhase;
			buildActionMask = 2147483647;
			files = (
			);
			runOnlyForDeploymentPostprocessing = 0;
		};
		740D47E82609E62F005C04A2 /* Resources */ = {
			isa = PBXResourcesBuildPhase;
			buildActionMask = 2147483647;
			files = (
			);
			runOnlyForDeploymentPostprocessing = 0;
		};
/* End PBXResourcesBuildPhase section */

/* Begin PBXShellScriptBuildPhase section */
		5751107985D062BC58392D3C /* [CP] Embed Pods Frameworks */ = {
			isa = PBXShellScriptBuildPhase;
			buildActionMask = 2147483647;
			files = (
			);
			inputFileListPaths = (
				"${PODS_ROOT}/Target Support Files/Pods-LChat/Pods-LChat-frameworks-${CONFIGURATION}-input-files.xcfilelist",
			);
			name = "[CP] Embed Pods Frameworks";
			outputFileListPaths = (
				"${PODS_ROOT}/Target Support Files/Pods-LChat/Pods-LChat-frameworks-${CONFIGURATION}-output-files.xcfilelist",
			);
			runOnlyForDeploymentPostprocessing = 0;
			shellPath = /bin/sh;
			shellScript = "\"${PODS_ROOT}/Target Support Files/Pods-LChat/Pods-LChat-frameworks.sh\"\n";
			showEnvVarsInLog = 0;
		};
		82D2BBDBC6FC14924D42C3B4 /* [CP] Check Pods Manifest.lock */ = {
			isa = PBXShellScriptBuildPhase;
			buildActionMask = 2147483647;
			files = (
			);
			inputFileListPaths = (
			);
			inputPaths = (
				"${PODS_PODFILE_DIR_PATH}/Podfile.lock",
				"${PODS_ROOT}/Manifest.lock",
			);
			name = "[CP] Check Pods Manifest.lock";
			outputFileListPaths = (
			);
			outputPaths = (
				"$(DERIVED_FILE_DIR)/Pods-LChatTests-checkManifestLockResult.txt",
			);
			runOnlyForDeploymentPostprocessing = 0;
			shellPath = /bin/sh;
			shellScript = "diff \"${PODS_PODFILE_DIR_PATH}/Podfile.lock\" \"${PODS_ROOT}/Manifest.lock\" > /dev/null\nif [ $? != 0 ] ; then\n    # print error to STDERR\n    echo \"error: The sandbox is not in sync with the Podfile.lock. Run 'pod install' or update your CocoaPods installation.\" >&2\n    exit 1\nfi\n# This output is used by Xcode 'outputs' to avoid re-running this script phase.\necho \"SUCCESS\" > \"${SCRIPT_OUTPUT_FILE_0}\"\n";
			showEnvVarsInLog = 0;
		};
		9AED42CAE392882583D0432E /* [CP] Check Pods Manifest.lock */ = {
			isa = PBXShellScriptBuildPhase;
			buildActionMask = 2147483647;
			files = (
			);
			inputFileListPaths = (
			);
			inputPaths = (
				"${PODS_PODFILE_DIR_PATH}/Podfile.lock",
				"${PODS_ROOT}/Manifest.lock",
			);
			name = "[CP] Check Pods Manifest.lock";
			outputFileListPaths = (
			);
			outputPaths = (
				"$(DERIVED_FILE_DIR)/Pods-LChat-LChatUITests-checkManifestLockResult.txt",
			);
			runOnlyForDeploymentPostprocessing = 0;
			shellPath = /bin/sh;
			shellScript = "diff \"${PODS_PODFILE_DIR_PATH}/Podfile.lock\" \"${PODS_ROOT}/Manifest.lock\" > /dev/null\nif [ $? != 0 ] ; then\n    # print error to STDERR\n    echo \"error: The sandbox is not in sync with the Podfile.lock. Run 'pod install' or update your CocoaPods installation.\" >&2\n    exit 1\nfi\n# This output is used by Xcode 'outputs' to avoid re-running this script phase.\necho \"SUCCESS\" > \"${SCRIPT_OUTPUT_FILE_0}\"\n";
			showEnvVarsInLog = 0;
		};
		D132E4212CB0268DD73EC847 /* [CP] Embed Pods Frameworks */ = {
			isa = PBXShellScriptBuildPhase;
			buildActionMask = 2147483647;
			files = (
			);
			inputFileListPaths = (
				"${PODS_ROOT}/Target Support Files/Pods-LChat-LChatUITests/Pods-LChat-LChatUITests-frameworks-${CONFIGURATION}-input-files.xcfilelist",
			);
			name = "[CP] Embed Pods Frameworks";
			outputFileListPaths = (
				"${PODS_ROOT}/Target Support Files/Pods-LChat-LChatUITests/Pods-LChat-LChatUITests-frameworks-${CONFIGURATION}-output-files.xcfilelist",
			);
			runOnlyForDeploymentPostprocessing = 0;
			shellPath = /bin/sh;
			shellScript = "\"${PODS_ROOT}/Target Support Files/Pods-LChat-LChatUITests/Pods-LChat-LChatUITests-frameworks.sh\"\n";
			showEnvVarsInLog = 0;
		};
		F715B7404BC509A2C02E053A /* [CP] Check Pods Manifest.lock */ = {
			isa = PBXShellScriptBuildPhase;
			buildActionMask = 2147483647;
			files = (
			);
			inputFileListPaths = (
			);
			inputPaths = (
				"${PODS_PODFILE_DIR_PATH}/Podfile.lock",
				"${PODS_ROOT}/Manifest.lock",
			);
			name = "[CP] Check Pods Manifest.lock";
			outputFileListPaths = (
			);
			outputPaths = (
				"$(DERIVED_FILE_DIR)/Pods-LChat-checkManifestLockResult.txt",
			);
			runOnlyForDeploymentPostprocessing = 0;
			shellPath = /bin/sh;
			shellScript = "diff \"${PODS_PODFILE_DIR_PATH}/Podfile.lock\" \"${PODS_ROOT}/Manifest.lock\" > /dev/null\nif [ $? != 0 ] ; then\n    # print error to STDERR\n    echo \"error: The sandbox is not in sync with the Podfile.lock. Run 'pod install' or update your CocoaPods installation.\" >&2\n    exit 1\nfi\n# This output is used by Xcode 'outputs' to avoid re-running this script phase.\necho \"SUCCESS\" > \"${SCRIPT_OUTPUT_FILE_0}\"\n";
			showEnvVarsInLog = 0;
		};
/* End PBXShellScriptBuildPhase section */

/* Begin PBXSourcesBuildPhase section */
		740D47C52609E62C005C04A2 /* Sources */ = {
			isa = PBXSourcesBuildPhase;
			buildActionMask = 2147483647;
			files = (
				74F86D90260A101D00CA03EC /* UITextField+Extension.swift in Sources */,
				740D47D12609E62C005C04A2 /* ViewController.swift in Sources */,
				74F86D51260A013600CA03EC /* ChatListViewModel.swift in Sources */,
				74F86D48260A013600CA03EC /* CountriesViewController.swift in Sources */,
				74F86D88260A101D00CA03EC /* UIColor+extension.swift in Sources */,
				74F86D3E260A013600CA03EC /* ChatViewModel.swift in Sources */,
				74F86CCE2609FFFB00CA03EC /* Navigator.swift in Sources */,
				74F86D44260A013600CA03EC /* CountriesViewModel.swift in Sources */,
				74F86CC42609FFE700CA03EC /* ChatNavigator.swift in Sources */,
				74F86D72260A0F3400CA03EC /* ChatTableViewCell.swift in Sources */,
				74F86D8B260A101D00CA03EC /* Character+Extension.swift in Sources */,
				74F86CF5260A007700CA03EC /* FirebasePath.swift in Sources */,
				74F86D52260A013600CA03EC /* ChatListViewController.swift in Sources */,
				74F86CFD260A007800CA03EC /* UserRegisterData.swift in Sources */,
				74F86CC92609FFF200CA03EC /* LoginNavigator.swift in Sources */,
				74F86CF1260A007700CA03EC /* FBDatabaseLoader.swift in Sources */,
				74F86CF7260A007800CA03EC /* MainAssembler.swift in Sources */,
				74F86CFC260A007800CA03EC /* CountrySelector.swift in Sources */,
				74F86D4A260A013600CA03EC /* RegisterViewController.swift in Sources */,
				74F86D73260A0F3400CA03EC /* UserTableViewCell.swift in Sources */,
				74F86D4E260A013600CA03EC /* HomeTabBarController.swift in Sources */,
				74F86DA1260A115D00CA03EC /* FBObserveService.swift in Sources */,
				74F86D42260A013600CA03EC /* SettingViewController.swift in Sources */,
				74F86D5C260A013600CA03EC /* SearchUserViewController.swift in Sources */,
				74F86D8C260A101D00CA03EC /* Extension+UILabel.swift in Sources */,
				74F86CF3260A007700CA03EC /* ObserveService.swift in Sources */,
				74F86CFE260A007800CA03EC /* Bindable.swift in Sources */,
				74F86CF2260A007700CA03EC /* ChatService.swift in Sources */,
				74F86D8A260A101D00CA03EC /* UIView+Extension.swift in Sources */,
				74F86CF8260A007800CA03EC /* Chat.swift in Sources */,
				74F86CF6260A007700CA03EC /* User.swift in Sources */,
				74F86D8F260A101D00CA03EC /* UIStackView+Extension.swift in Sources */,
				74F86D4D260A013600CA03EC /* HomeViewModel.swift in Sources */,
				74F86D47260A013600CA03EC /* AuthCodeViewController.swift in Sources */,
				74F86D78260A0F3500CA03EC /* NotificationTableViewCell.swift in Sources */,
				74F86CF4260A007700CA03EC /* FIRDatabaseSearcher.swift in Sources */,
				74F86D40260A013600CA03EC /* ChatViewController.swift in Sources */,
				74F86D5B260A013600CA03EC /* SearchUserViewModel.swift in Sources */,
				74F86CFB260A007800CA03EC /* FBAuthManager.swift in Sources */,
				74F86D97260A10F100CA03EC /* UnSeenMessageBadgeLabel.swift in Sources */,
				74F86CF9260A007800CA03EC /* Message.swift in Sources */,
				74F86D41260A013600CA03EC /* SettingViewModel.swift in Sources */,
				740D47CD2609E62C005C04A2 /* AppDelegate.swift in Sources */,
				74F86D98260A10F100CA03EC /* PhoneNumberTextField.swift in Sources */,
				74F86D75260A0F3400CA03EC /* ChatCustomizeTableViewCell.swift in Sources */,
				740D47CF2609E62C005C04A2 /* SceneDelegate.swift in Sources */,
				74F86D45260A013600CA03EC /* SigninViewModel.swift in Sources */,
				74F86D49260A013600CA03EC /* SignInViewController.swift in Sources */,
				74F86D4B260A013600CA03EC /* ProfileViewModel.swift in Sources */,
				74F86D74260A0F3400CA03EC /* DeleteAccountTableViewCell.swift in Sources */,
				74F86D46260A013600CA03EC /* RegisterViewModel.swift in Sources */,
				74F86D8D260A101D00CA03EC /* String+Extension.swift in Sources */,
				74F86DA0260A115D00CA03EC /* FBWriteService.swift in Sources */,
				74F86D87260A101D00CA03EC /* UIImageView+Extension.swift in Sources */,
				74F86D77260A0F3500CA03EC /* LanguageTableViewCell.swift in Sources */,
				74F86D89260A101D00CA03EC /* UINavController+Extension.swift in Sources */,
				74F86D76260A0F3500CA03EC /* DarkModeTableViewCell.swift in Sources */,
				74F86DA2260A115D00CA03EC /* FBStorageService.swift in Sources */,
				74F86D4C260A013600CA03EC /* ProfileViewController.swift in Sources */,
				74F86CFA260A007800CA03EC /* PhoneNumber.swift in Sources */,
				74F86D8E260A101D00CA03EC /* DateFormatter+Extension.swift in Sources */,
				74F86D43260A013600CA03EC /* AuthCodeViewModel.swift in Sources */,
			);
			runOnlyForDeploymentPostprocessing = 0;
		};
		740D47DB2609E62F005C04A2 /* Sources */ = {
			isa = PBXSourcesBuildPhase;
			buildActionMask = 2147483647;
			files = (
				740D47E42609E62F005C04A2 /* LChatTests.swift in Sources */,
			);
			runOnlyForDeploymentPostprocessing = 0;
		};
		740D47E62609E62F005C04A2 /* Sources */ = {
			isa = PBXSourcesBuildPhase;
			buildActionMask = 2147483647;
			files = (
				740D47EF2609E62F005C04A2 /* LChatUITests.swift in Sources */,
			);
			runOnlyForDeploymentPostprocessing = 0;
		};
/* End PBXSourcesBuildPhase section */

/* Begin PBXTargetDependency section */
		740D47E12609E62F005C04A2 /* PBXTargetDependency */ = {
			isa = PBXTargetDependency;
			target = 740D47C82609E62C005C04A2 /* LChat */;
			targetProxy = 740D47E02609E62F005C04A2 /* PBXContainerItemProxy */;
		};
		740D47EC2609E62F005C04A2 /* PBXTargetDependency */ = {
			isa = PBXTargetDependency;
			target = 740D47C82609E62C005C04A2 /* LChat */;
			targetProxy = 740D47EB2609E62F005C04A2 /* PBXContainerItemProxy */;
		};
/* End PBXTargetDependency section */

/* Begin PBXVariantGroup section */
		740D47D72609E62E005C04A2 /* LaunchScreen.storyboard */ = {
			isa = PBXVariantGroup;
			children = (
				740D47D82609E62E005C04A2 /* Base */,
			);
			name = LaunchScreen.storyboard;
			sourceTree = "<group>";
		};
/* End PBXVariantGroup section */

/* Begin XCBuildConfiguration section */
		740D47F12609E62F005C04A2 /* Debug */ = {
			isa = XCBuildConfiguration;
			buildSettings = {
				ALWAYS_SEARCH_USER_PATHS = NO;
				CLANG_ANALYZER_NONNULL = YES;
				CLANG_ANALYZER_NUMBER_OBJECT_CONVERSION = YES_AGGRESSIVE;
				CLANG_CXX_LANGUAGE_STANDARD = "gnu++14";
				CLANG_CXX_LIBRARY = "libc++";
				CLANG_ENABLE_MODULES = YES;
				CLANG_ENABLE_OBJC_ARC = YES;
				CLANG_ENABLE_OBJC_WEAK = YES;
				CLANG_WARN_BLOCK_CAPTURE_AUTORELEASING = YES;
				CLANG_WARN_BOOL_CONVERSION = YES;
				CLANG_WARN_COMMA = YES;
				CLANG_WARN_CONSTANT_CONVERSION = YES;
				CLANG_WARN_DEPRECATED_OBJC_IMPLEMENTATIONS = YES;
				CLANG_WARN_DIRECT_OBJC_ISA_USAGE = YES_ERROR;
				CLANG_WARN_DOCUMENTATION_COMMENTS = YES;
				CLANG_WARN_EMPTY_BODY = YES;
				CLANG_WARN_ENUM_CONVERSION = YES;
				CLANG_WARN_INFINITE_RECURSION = YES;
				CLANG_WARN_INT_CONVERSION = YES;
				CLANG_WARN_NON_LITERAL_NULL_CONVERSION = YES;
				CLANG_WARN_OBJC_IMPLICIT_RETAIN_SELF = YES;
				CLANG_WARN_OBJC_LITERAL_CONVERSION = YES;
				CLANG_WARN_OBJC_ROOT_CLASS = YES_ERROR;
				CLANG_WARN_QUOTED_INCLUDE_IN_FRAMEWORK_HEADER = YES;
				CLANG_WARN_RANGE_LOOP_ANALYSIS = YES;
				CLANG_WARN_STRICT_PROTOTYPES = YES;
				CLANG_WARN_SUSPICIOUS_MOVE = YES;
				CLANG_WARN_UNGUARDED_AVAILABILITY = YES_AGGRESSIVE;
				CLANG_WARN_UNREACHABLE_CODE = YES;
				CLANG_WARN__DUPLICATE_METHOD_MATCH = YES;
				COPY_PHASE_STRIP = NO;
				DEBUG_INFORMATION_FORMAT = dwarf;
				ENABLE_STRICT_OBJC_MSGSEND = YES;
				ENABLE_TESTABILITY = YES;
				GCC_C_LANGUAGE_STANDARD = gnu11;
				GCC_DYNAMIC_NO_PIC = NO;
				GCC_NO_COMMON_BLOCKS = YES;
				GCC_OPTIMIZATION_LEVEL = 0;
				GCC_PREPROCESSOR_DEFINITIONS = (
					"DEBUG=1",
					"$(inherited)",
				);
				GCC_WARN_64_TO_32_BIT_CONVERSION = YES;
				GCC_WARN_ABOUT_RETURN_TYPE = YES_ERROR;
				GCC_WARN_UNDECLARED_SELECTOR = YES;
				GCC_WARN_UNINITIALIZED_AUTOS = YES_AGGRESSIVE;
				GCC_WARN_UNUSED_FUNCTION = YES;
				GCC_WARN_UNUSED_VARIABLE = YES;
				IPHONEOS_DEPLOYMENT_TARGET = 14.3;
				MTL_ENABLE_DEBUG_INFO = INCLUDE_SOURCE;
				MTL_FAST_MATH = YES;
				ONLY_ACTIVE_ARCH = YES;
				SDKROOT = iphoneos;
				SWIFT_ACTIVE_COMPILATION_CONDITIONS = DEBUG;
				SWIFT_OPTIMIZATION_LEVEL = "-Onone";
			};
			name = Debug;
		};
		740D47F22609E62F005C04A2 /* Release */ = {
			isa = XCBuildConfiguration;
			buildSettings = {
				ALWAYS_SEARCH_USER_PATHS = NO;
				CLANG_ANALYZER_NONNULL = YES;
				CLANG_ANALYZER_NUMBER_OBJECT_CONVERSION = YES_AGGRESSIVE;
				CLANG_CXX_LANGUAGE_STANDARD = "gnu++14";
				CLANG_CXX_LIBRARY = "libc++";
				CLANG_ENABLE_MODULES = YES;
				CLANG_ENABLE_OBJC_ARC = YES;
				CLANG_ENABLE_OBJC_WEAK = YES;
				CLANG_WARN_BLOCK_CAPTURE_AUTORELEASING = YES;
				CLANG_WARN_BOOL_CONVERSION = YES;
				CLANG_WARN_COMMA = YES;
				CLANG_WARN_CONSTANT_CONVERSION = YES;
				CLANG_WARN_DEPRECATED_OBJC_IMPLEMENTATIONS = YES;
				CLANG_WARN_DIRECT_OBJC_ISA_USAGE = YES_ERROR;
				CLANG_WARN_DOCUMENTATION_COMMENTS = YES;
				CLANG_WARN_EMPTY_BODY = YES;
				CLANG_WARN_ENUM_CONVERSION = YES;
				CLANG_WARN_INFINITE_RECURSION = YES;
				CLANG_WARN_INT_CONVERSION = YES;
				CLANG_WARN_NON_LITERAL_NULL_CONVERSION = YES;
				CLANG_WARN_OBJC_IMPLICIT_RETAIN_SELF = YES;
				CLANG_WARN_OBJC_LITERAL_CONVERSION = YES;
				CLANG_WARN_OBJC_ROOT_CLASS = YES_ERROR;
				CLANG_WARN_QUOTED_INCLUDE_IN_FRAMEWORK_HEADER = YES;
				CLANG_WARN_RANGE_LOOP_ANALYSIS = YES;
				CLANG_WARN_STRICT_PROTOTYPES = YES;
				CLANG_WARN_SUSPICIOUS_MOVE = YES;
				CLANG_WARN_UNGUARDED_AVAILABILITY = YES_AGGRESSIVE;
				CLANG_WARN_UNREACHABLE_CODE = YES;
				CLANG_WARN__DUPLICATE_METHOD_MATCH = YES;
				COPY_PHASE_STRIP = NO;
				DEBUG_INFORMATION_FORMAT = "dwarf-with-dsym";
				ENABLE_NS_ASSERTIONS = NO;
				ENABLE_STRICT_OBJC_MSGSEND = YES;
				GCC_C_LANGUAGE_STANDARD = gnu11;
				GCC_NO_COMMON_BLOCKS = YES;
				GCC_WARN_64_TO_32_BIT_CONVERSION = YES;
				GCC_WARN_ABOUT_RETURN_TYPE = YES_ERROR;
				GCC_WARN_UNDECLARED_SELECTOR = YES;
				GCC_WARN_UNINITIALIZED_AUTOS = YES_AGGRESSIVE;
				GCC_WARN_UNUSED_FUNCTION = YES;
				GCC_WARN_UNUSED_VARIABLE = YES;
				IPHONEOS_DEPLOYMENT_TARGET = 14.3;
				MTL_ENABLE_DEBUG_INFO = NO;
				MTL_FAST_MATH = YES;
				SDKROOT = iphoneos;
				SWIFT_COMPILATION_MODE = wholemodule;
				SWIFT_OPTIMIZATION_LEVEL = "-O";
				VALIDATE_PRODUCT = YES;
			};
			name = Release;
		};
		740D47F42609E62F005C04A2 /* Debug */ = {
			isa = XCBuildConfiguration;
			baseConfigurationReference = 65608C6A72E68721F632596F /* Pods-LChat.debug.xcconfig */;
			buildSettings = {
				ASSETCATALOG_COMPILER_APPICON_NAME = AppIcon;
				ASSETCATALOG_COMPILER_GLOBAL_ACCENT_COLOR_NAME = AccentColor;
				CODE_SIGN_STYLE = Automatic;
				INFOPLIST_FILE = LChat/Info.plist;
				LD_RUNPATH_SEARCH_PATHS = (
					"$(inherited)",
					"@executable_path/Frameworks",
				);
				PRODUCT_BUNDLE_IDENTIFIER = com.EgorGurba.LChat;
				PRODUCT_NAME = "$(TARGET_NAME)";
				SWIFT_VERSION = 5.0;
				TARGETED_DEVICE_FAMILY = "1,2";
			};
			name = Debug;
		};
		740D47F52609E62F005C04A2 /* Release */ = {
			isa = XCBuildConfiguration;
			baseConfigurationReference = AC207C6CA9B66BA72A81161E /* Pods-LChat.release.xcconfig */;
			buildSettings = {
				ASSETCATALOG_COMPILER_APPICON_NAME = AppIcon;
				ASSETCATALOG_COMPILER_GLOBAL_ACCENT_COLOR_NAME = AccentColor;
				CODE_SIGN_STYLE = Automatic;
				INFOPLIST_FILE = LChat/Info.plist;
				LD_RUNPATH_SEARCH_PATHS = (
					"$(inherited)",
					"@executable_path/Frameworks",
				);
				PRODUCT_BUNDLE_IDENTIFIER = com.EgorGurba.LChat;
				PRODUCT_NAME = "$(TARGET_NAME)";
				SWIFT_VERSION = 5.0;
				TARGETED_DEVICE_FAMILY = "1,2";
			};
			name = Release;
		};
		740D47F72609E62F005C04A2 /* Debug */ = {
			isa = XCBuildConfiguration;
			baseConfigurationReference = 527B399BEB5AE46EB9486D5D /* Pods-LChatTests.debug.xcconfig */;
			buildSettings = {
				ALWAYS_EMBED_SWIFT_STANDARD_LIBRARIES = YES;
				BUNDLE_LOADER = "$(TEST_HOST)";
				CODE_SIGN_STYLE = Automatic;
				INFOPLIST_FILE = LChatTests/Info.plist;
				IPHONEOS_DEPLOYMENT_TARGET = 14.3;
				LD_RUNPATH_SEARCH_PATHS = (
					"$(inherited)",
					"@executable_path/Frameworks",
					"@loader_path/Frameworks",
				);
				PRODUCT_BUNDLE_IDENTIFIER = com.EgorGurba.LChatTests;
				PRODUCT_NAME = "$(TARGET_NAME)";
				SWIFT_VERSION = 5.0;
				TARGETED_DEVICE_FAMILY = "1,2";
				TEST_HOST = "$(BUILT_PRODUCTS_DIR)/LChat.app/LChat";
			};
			name = Debug;
		};
		740D47F82609E62F005C04A2 /* Release */ = {
			isa = XCBuildConfiguration;
			baseConfigurationReference = 4D80D63B26F619DF561BC554 /* Pods-LChatTests.release.xcconfig */;
			buildSettings = {
				ALWAYS_EMBED_SWIFT_STANDARD_LIBRARIES = YES;
				BUNDLE_LOADER = "$(TEST_HOST)";
				CODE_SIGN_STYLE = Automatic;
				INFOPLIST_FILE = LChatTests/Info.plist;
				IPHONEOS_DEPLOYMENT_TARGET = 14.3;
				LD_RUNPATH_SEARCH_PATHS = (
					"$(inherited)",
					"@executable_path/Frameworks",
					"@loader_path/Frameworks",
				);
				PRODUCT_BUNDLE_IDENTIFIER = com.EgorGurba.LChatTests;
				PRODUCT_NAME = "$(TARGET_NAME)";
				SWIFT_VERSION = 5.0;
				TARGETED_DEVICE_FAMILY = "1,2";
				TEST_HOST = "$(BUILT_PRODUCTS_DIR)/LChat.app/LChat";
			};
			name = Release;
		};
		740D47FA2609E62F005C04A2 /* Debug */ = {
			isa = XCBuildConfiguration;
			baseConfigurationReference = 0D47C8F982D78634AD736337 /* Pods-LChat-LChatUITests.debug.xcconfig */;
			buildSettings = {
				ALWAYS_EMBED_SWIFT_STANDARD_LIBRARIES = YES;
				CODE_SIGN_STYLE = Automatic;
				INFOPLIST_FILE = LChatUITests/Info.plist;
				LD_RUNPATH_SEARCH_PATHS = (
					"$(inherited)",
					"@executable_path/Frameworks",
					"@loader_path/Frameworks",
				);
				PRODUCT_BUNDLE_IDENTIFIER = com.EgorGurba.LChatUITests;
				PRODUCT_NAME = "$(TARGET_NAME)";
				SWIFT_VERSION = 5.0;
				TARGETED_DEVICE_FAMILY = "1,2";
				TEST_TARGET_NAME = LChat;
			};
			name = Debug;
		};
		740D47FB2609E62F005C04A2 /* Release */ = {
			isa = XCBuildConfiguration;
			baseConfigurationReference = 28BD8F15EA1C97E7F7A13961 /* Pods-LChat-LChatUITests.release.xcconfig */;
			buildSettings = {
				ALWAYS_EMBED_SWIFT_STANDARD_LIBRARIES = YES;
				CODE_SIGN_STYLE = Automatic;
				INFOPLIST_FILE = LChatUITests/Info.plist;
				LD_RUNPATH_SEARCH_PATHS = (
					"$(inherited)",
					"@executable_path/Frameworks",
					"@loader_path/Frameworks",
				);
				PRODUCT_BUNDLE_IDENTIFIER = com.EgorGurba.LChatUITests;
				PRODUCT_NAME = "$(TARGET_NAME)";
				SWIFT_VERSION = 5.0;
				TARGETED_DEVICE_FAMILY = "1,2";
				TEST_TARGET_NAME = LChat;
			};
			name = Release;
		};
/* End XCBuildConfiguration section */

/* Begin XCConfigurationList section */
		740D47C42609E62C005C04A2 /* Build configuration list for PBXProject "LChat" */ = {
			isa = XCConfigurationList;
			buildConfigurations = (
				740D47F12609E62F005C04A2 /* Debug */,
				740D47F22609E62F005C04A2 /* Release */,
			);
			defaultConfigurationIsVisible = 0;
			defaultConfigurationName = Release;
		};
		740D47F32609E62F005C04A2 /* Build configuration list for PBXNativeTarget "LChat" */ = {
			isa = XCConfigurationList;
			buildConfigurations = (
				740D47F42609E62F005C04A2 /* Debug */,
				740D47F52609E62F005C04A2 /* Release */,
			);
			defaultConfigurationIsVisible = 0;
			defaultConfigurationName = Release;
		};
		740D47F62609E62F005C04A2 /* Build configuration list for PBXNativeTarget "LChatTests" */ = {
			isa = XCConfigurationList;
			buildConfigurations = (
				740D47F72609E62F005C04A2 /* Debug */,
				740D47F82609E62F005C04A2 /* Release */,
			);
			defaultConfigurationIsVisible = 0;
			defaultConfigurationName = Release;
		};
		740D47F92609E62F005C04A2 /* Build configuration list for PBXNativeTarget "LChatUITests" */ = {
			isa = XCConfigurationList;
			buildConfigurations = (
				740D47FA2609E62F005C04A2 /* Debug */,
				740D47FB2609E62F005C04A2 /* Release */,
			);
			defaultConfigurationIsVisible = 0;
			defaultConfigurationName = Release;
		};
/* End XCConfigurationList section */
	};
	rootObject = 740D47C12609E62C005C04A2 /* Project object */;
}
