// !$*UTF8*$!
{
	archiveVersion = 1;
	classes = {
	};
	objectVersion = 51;
	objects = {

/* Begin PBXBuildFile section */
		226772B71B544A82523DDDCE /* Pods_LChat_LChatUITests.framework in Frameworks */ = {isa = PBXBuildFile; fileRef = 3981CB3F2E6B734B070D24F0 /* Pods_LChat_LChatUITests.framework */; };
		59F039AF8762A319AA3B484C /* Pods_LChatTests.framework in Frameworks */ = {isa = PBXBuildFile; fileRef = FD6279072B7B6ADB04DB401A /* Pods_LChatTests.framework */; };
		657901CEF1CE3288BAD0F93C /* Pods_LChat.framework in Frameworks */ = {isa = PBXBuildFile; fileRef = 6D7197217AAB63D1FA8310DA /* Pods_LChat.framework */; };
		740D47CD2609E62C005C04A2 /* AppDelegate.swift in Sources */ = {isa = PBXBuildFile; fileRef = 740D47CC2609E62C005C04A2 /* AppDelegate.swift */; };
		740D47CF2609E62C005C04A2 /* SceneDelegate.swift in Sources */ = {isa = PBXBuildFile; fileRef = 740D47CE2609E62C005C04A2 /* SceneDelegate.swift */; };
		740D47D62609E62E005C04A2 /* Assets.xcassets in Resources */ = {isa = PBXBuildFile; fileRef = 740D47D52609E62E005C04A2 /* Assets.xcassets */; };
		740D47D92609E62E005C04A2 /* LaunchScreen.storyboard in Resources */ = {isa = PBXBuildFile; fileRef = 740D47D72609E62E005C04A2 /* LaunchScreen.storyboard */; };
		740D47E42609E62F005C04A2 /* LChatTests.swift in Sources */ = {isa = PBXBuildFile; fileRef = 740D47E32609E62F005C04A2 /* LChatTests.swift */; };
		740D47EF2609E62F005C04A2 /* LChatUITests.swift in Sources */ = {isa = PBXBuildFile; fileRef = 740D47EE2609E62F005C04A2 /* LChatUITests.swift */; };
		7433E0932620D88D0003D1B5 /* FBDatabaseService.swift in Sources */ = {isa = PBXBuildFile; fileRef = 7433E0922620D88D0003D1B5 /* FBDatabaseService.swift */; };
		7433E0982620DA170003D1B5 /* DBError.swift in Sources */ = {isa = PBXBuildFile; fileRef = 7433E0972620DA170003D1B5 /* DBError.swift */; };
		743880EE263209840032B454 /* UserDefaults+Extension.swift in Sources */ = {isa = PBXBuildFile; fileRef = 743880ED263209840032B454 /* UserDefaults+Extension.swift */; };
		743BC8132629FBE800A9F9F0 /* Localizable.strings in Resources */ = {isa = PBXBuildFile; fileRef = 743BC8152629FBE800A9F9F0 /* Localizable.strings */; };
		7449E2D5262B040C00BCE934 /* LanguagesViewController.swift in Sources */ = {isa = PBXBuildFile; fileRef = 7449E2D4262B040C00BCE934 /* LanguagesViewController.swift */; };
		7449E2E3262B1D2D00BCE934 /* SettingCoordinator.swift in Sources */ = {isa = PBXBuildFile; fileRef = 7449E2E2262B1D2D00BCE934 /* SettingCoordinator.swift */; };
		7449E2E8262B1E9800BCE934 /* SettingAssembler.swift in Sources */ = {isa = PBXBuildFile; fileRef = 7449E2E7262B1E9800BCE934 /* SettingAssembler.swift */; };
		7449E2F0262CAE5A00BCE934 /* LanguagesViewModel.swift in Sources */ = {isa = PBXBuildFile; fileRef = 7449E2EF262CAE5A00BCE934 /* LanguagesViewModel.swift */; };
		7449E315262F443500BCE934 /* LanguageManager.swift in Sources */ = {isa = PBXBuildFile; fileRef = 7449E314262F443500BCE934 /* LanguageManager.swift */; };
		7450139C260F7B7200539313 /* Coordinator.swift in Sources */ = {isa = PBXBuildFile; fileRef = 7450139B260F7B7200539313 /* Coordinator.swift */; };
		745013A1260F7E2200539313 /* AuthCoordinator.swift in Sources */ = {isa = PBXBuildFile; fileRef = 745013A0260F7E2200539313 /* AuthCoordinator.swift */; };
		745013A9260FC14100539313 /* VerificationViewController.swift in Sources */ = {isa = PBXBuildFile; fileRef = 745013A8260FC14100539313 /* VerificationViewController.swift */; };
		745013B4260FC54F00539313 /* VerificationViewModel.swift in Sources */ = {isa = PBXBuildFile; fileRef = 745013B3260FC54F00539313 /* VerificationViewModel.swift */; };
		748A3F6E2634AB29009C9638 /* SliderView.swift in Sources */ = {isa = PBXBuildFile; fileRef = 748A3F6D2634AB29009C9638 /* SliderView.swift */; };
		7490AA3A261618CF00D078DE /* SignUpViewController+Delegates.swift in Sources */ = {isa = PBXBuildFile; fileRef = 7490AA39261618CF00D078DE /* SignUpViewController+Delegates.swift */; };
		7490AA4226166E4500D078DE /* LoginViewController+Delegates.swift in Sources */ = {isa = PBXBuildFile; fileRef = 7490AA4126166E4500D078DE /* LoginViewController+Delegates.swift */; };
		7490AA552618CCD100D078DE /* MainCoordinator.swift in Sources */ = {isa = PBXBuildFile; fileRef = 7490AA542618CCD100D078DE /* MainCoordinator.swift */; };
		7490AA5A261920C000D078DE /* AppCoordinator.swift in Sources */ = {isa = PBXBuildFile; fileRef = 7490AA59261920C000D078DE /* AppCoordinator.swift */; };
		74A203F12613A0F700EC90FA /* UsernameTextField.swift in Sources */ = {isa = PBXBuildFile; fileRef = 74A203F02613A0F700EC90FA /* UsernameTextField.swift */; };
		74A6AED8263C1F4E002A3DD0 /* ColorCollectionViewCell.swift in Sources */ = {isa = PBXBuildFile; fileRef = 74A6AED7263C1F4E002A3DD0 /* ColorCollectionViewCell.swift */; };
		74A6AEE0263C99D8002A3DD0 /* ThemeManager.swift in Sources */ = {isa = PBXBuildFile; fileRef = 74A6AEDF263C99D8002A3DD0 /* ThemeManager.swift */; };
		74AD662D26194368000943BC /* SearchUserViewController+Delegates.swift in Sources */ = {isa = PBXBuildFile; fileRef = 74AD662C26194368000943BC /* SearchUserViewController+Delegates.swift */; };
		74AD6632261945DB000943BC /* FBSearchService.swift in Sources */ = {isa = PBXBuildFile; fileRef = 74AD6631261945DB000943BC /* FBSearchService.swift */; };
		74AD66372619FFF9000943BC /* ChatViewController+Delegates.swift in Sources */ = {isa = PBXBuildFile; fileRef = 74AD66362619FFF9000943BC /* ChatViewController+Delegates.swift */; };
		74AD663C261A010F000943BC /* ChatViewController+DataSource.swift in Sources */ = {isa = PBXBuildFile; fileRef = 74AD663B261A010F000943BC /* ChatViewController+DataSource.swift */; };
		74AD6644261A4E58000943BC /* FBChatService.swift in Sources */ = {isa = PBXBuildFile; fileRef = 74AD6643261A4E58000943BC /* FBChatService.swift */; };
		74AD664A261E3DE6000943BC /* ChatError.swift in Sources */ = {isa = PBXBuildFile; fileRef = 74AD6649261E3DE5000943BC /* ChatError.swift */; };
		74AFEDAB2627A1DF004AFE22 /* MyImageView.swift in Sources */ = {isa = PBXBuildFile; fileRef = 74AFEDAA2627A1DF004AFE22 /* MyImageView.swift */; };
		74F86CB12609F9BC00CA03EC /* GoogleService-Info.plist in Resources */ = {isa = PBXBuildFile; fileRef = 74F86CB02609F9BC00CA03EC /* GoogleService-Info.plist */; };
		74F86CF6260A007700CA03EC /* User.swift in Sources */ = {isa = PBXBuildFile; fileRef = 74F86CE5260A007700CA03EC /* User.swift */; };
		74F86CF7260A007800CA03EC /* MainAssembler.swift in Sources */ = {isa = PBXBuildFile; fileRef = 74F86CE7260A007700CA03EC /* MainAssembler.swift */; };
		74F86CF8260A007800CA03EC /* Chat.swift in Sources */ = {isa = PBXBuildFile; fileRef = 74F86CE8260A007700CA03EC /* Chat.swift */; };
		74F86CF9260A007800CA03EC /* Message.swift in Sources */ = {isa = PBXBuildFile; fileRef = 74F86CE9260A007700CA03EC /* Message.swift */; };
		74F86CFC260A007800CA03EC /* CountrySelector.swift in Sources */ = {isa = PBXBuildFile; fileRef = 74F86CED260A007700CA03EC /* CountrySelector.swift */; };
		74F86CFE260A007800CA03EC /* Bindable.swift in Sources */ = {isa = PBXBuildFile; fileRef = 74F86CF0260A007700CA03EC /* Bindable.swift */; };
		74F86D3E260A013600CA03EC /* ChatViewModel.swift in Sources */ = {isa = PBXBuildFile; fileRef = 74F86D05260A013600CA03EC /* ChatViewModel.swift */; };
		74F86D40260A013600CA03EC /* ChatViewController.swift in Sources */ = {isa = PBXBuildFile; fileRef = 74F86D09260A013600CA03EC /* ChatViewController.swift */; };
		74F86D41260A013600CA03EC /* SettingsViewModel.swift in Sources */ = {isa = PBXBuildFile; fileRef = 74F86D0C260A013600CA03EC /* SettingsViewModel.swift */; };
		74F86D42260A013600CA03EC /* SettingViewController.swift in Sources */ = {isa = PBXBuildFile; fileRef = 74F86D0E260A013600CA03EC /* SettingViewController.swift */; };
		74F86D44260A013600CA03EC /* CountriesViewModel.swift in Sources */ = {isa = PBXBuildFile; fileRef = 74F86D12260A013600CA03EC /* CountriesViewModel.swift */; };
		74F86D48260A013600CA03EC /* CountriesViewController.swift in Sources */ = {isa = PBXBuildFile; fileRef = 74F86D17260A013600CA03EC /* CountriesViewController.swift */; };
		74F86D4B260A013600CA03EC /* ProfileViewModel.swift in Sources */ = {isa = PBXBuildFile; fileRef = 74F86D1C260A013600CA03EC /* ProfileViewModel.swift */; };
		74F86D4C260A013600CA03EC /* ProfileViewController.swift in Sources */ = {isa = PBXBuildFile; fileRef = 74F86D1E260A013600CA03EC /* ProfileViewController.swift */; };
		74F86D4D260A013600CA03EC /* HomeViewModel.swift in Sources */ = {isa = PBXBuildFile; fileRef = 74F86D21260A013600CA03EC /* HomeViewModel.swift */; };
		74F86D4E260A013600CA03EC /* HomeTabBarController.swift in Sources */ = {isa = PBXBuildFile; fileRef = 74F86D23260A013600CA03EC /* HomeTabBarController.swift */; };
		74F86D51260A013600CA03EC /* ChatRoomsViewModel.swift in Sources */ = {isa = PBXBuildFile; fileRef = 74F86D2B260A013600CA03EC /* ChatRoomsViewModel.swift */; };
		74F86D52260A013600CA03EC /* ChatRoomsViewController.swift in Sources */ = {isa = PBXBuildFile; fileRef = 74F86D2D260A013600CA03EC /* ChatRoomsViewController.swift */; };
		74F86D5B260A013600CA03EC /* SearchUserViewModel.swift in Sources */ = {isa = PBXBuildFile; fileRef = 74F86D3B260A013600CA03EC /* SearchUserViewModel.swift */; };
		74F86D5C260A013600CA03EC /* SearchUserViewController.swift in Sources */ = {isa = PBXBuildFile; fileRef = 74F86D3D260A013600CA03EC /* SearchUserViewController.swift */; };
		74F86D72260A0F3400CA03EC /* ChatTableViewCell.swift in Sources */ = {isa = PBXBuildFile; fileRef = 74F86D6A260A0F3400CA03EC /* ChatTableViewCell.swift */; };
		74F86D73260A0F3400CA03EC /* UserTableViewCell.swift in Sources */ = {isa = PBXBuildFile; fileRef = 74F86D6B260A0F3400CA03EC /* UserTableViewCell.swift */; };
		74F86D74260A0F3400CA03EC /* DeleteAccountTableViewCell.swift in Sources */ = {isa = PBXBuildFile; fileRef = 74F86D6D260A0F3400CA03EC /* DeleteAccountTableViewCell.swift */; };
		74F86D76260A0F3500CA03EC /* ThemeTableViewCell.swift in Sources */ = {isa = PBXBuildFile; fileRef = 74F86D6F260A0F3400CA03EC /* ThemeTableViewCell.swift */; };
		74F86D77260A0F3500CA03EC /* LanguageTableViewCell.swift in Sources */ = {isa = PBXBuildFile; fileRef = 74F86D70260A0F3400CA03EC /* LanguageTableViewCell.swift */; };
		74F86D87260A101D00CA03EC /* UIImageView+Extension.swift in Sources */ = {isa = PBXBuildFile; fileRef = 74F86D7D260A101D00CA03EC /* UIImageView+Extension.swift */; };
		74F86D8A260A101D00CA03EC /* UIView+Extension.swift in Sources */ = {isa = PBXBuildFile; fileRef = 74F86D80260A101D00CA03EC /* UIView+Extension.swift */; };
		74F86D8C260A101D00CA03EC /* UILabel+Extension.swift in Sources */ = {isa = PBXBuildFile; fileRef = 74F86D82260A101D00CA03EC /* UILabel+Extension.swift */; };
		74F86D8D260A101D00CA03EC /* String+Extension.swift in Sources */ = {isa = PBXBuildFile; fileRef = 74F86D83260A101D00CA03EC /* String+Extension.swift */; };
		74F86D8E260A101D00CA03EC /* DateFormatter+Extension.swift in Sources */ = {isa = PBXBuildFile; fileRef = 74F86D84260A101D00CA03EC /* DateFormatter+Extension.swift */; };
		74F86D8F260A101D00CA03EC /* UIStackView+Extension.swift in Sources */ = {isa = PBXBuildFile; fileRef = 74F86D85260A101D00CA03EC /* UIStackView+Extension.swift */; };
		74F86D90260A101D00CA03EC /* UITextField+Extension.swift in Sources */ = {isa = PBXBuildFile; fileRef = 74F86D86260A101D00CA03EC /* UITextField+Extension.swift */; };
		74F86D97260A10F100CA03EC /* UnSeenMessageBadgeLabel.swift in Sources */ = {isa = PBXBuildFile; fileRef = 74F86D95260A10F100CA03EC /* UnSeenMessageBadgeLabel.swift */; };
		74F86D98260A10F100CA03EC /* PhoneNumberTextField.swift in Sources */ = {isa = PBXBuildFile; fileRef = 74F86D96260A10F100CA03EC /* PhoneNumberTextField.swift */; };
		74F86DA1260A115D00CA03EC /* FBObserveService.swift in Sources */ = {isa = PBXBuildFile; fileRef = 74F86D9E260A115D00CA03EC /* FBObserveService.swift */; };
		74F86DA2260A115D00CA03EC /* FBStorageService.swift in Sources */ = {isa = PBXBuildFile; fileRef = 74F86D9F260A115D00CA03EC /* FBStorageService.swift */; };
		74F86DB3260A22FF00CA03EC /* FBAuthService.swift in Sources */ = {isa = PBXBuildFile; fileRef = 74F86DB2260A22FF00CA03EC /* FBAuthService.swift */; };
		74F86DB8260A311F00CA03EC /* LoginViewController.swift in Sources */ = {isa = PBXBuildFile; fileRef = 74F86DB7260A311F00CA03EC /* LoginViewController.swift */; };
		74F86DD2260B912C00CA03EC /* LoginViewModel.swift in Sources */ = {isa = PBXBuildFile; fileRef = 74F86DD1260B912C00CA03EC /* LoginViewModel.swift */; };
		74F86DDA260B9A6D00CA03EC /* AuthView.swift in Sources */ = {isa = PBXBuildFile; fileRef = 74F86DD9260B9A6D00CA03EC /* AuthView.swift */; };
		74F86DFA260D359C00CA03EC /* SignUpViewController.swift in Sources */ = {isa = PBXBuildFile; fileRef = 74F86DF9260D359C00CA03EC /* SignUpViewController.swift */; };
		74F86DFF260D36CD00CA03EC /* SignUpViewModel.swift in Sources */ = {isa = PBXBuildFile; fileRef = 74F86DFE260D36CD00CA03EC /* SignUpViewModel.swift */; };
		74F86E10260D3ECB00CA03EC /* AuthAssembler.swift in Sources */ = {isa = PBXBuildFile; fileRef = 74F86E0F260D3ECB00CA03EC /* AuthAssembler.swift */; };
/* End PBXBuildFile section */

/* Begin PBXContainerItemProxy section */
		740D47E02609E62F005C04A2 /* PBXContainerItemProxy */ = {
			isa = PBXContainerItemProxy;
			containerPortal = 740D47C12609E62C005C04A2 /* Project object */;
			proxyType = 1;
			remoteGlobalIDString = 740D47C82609E62C005C04A2;
			remoteInfo = LChat;
		};
		740D47EB2609E62F005C04A2 /* PBXContainerItemProxy */ = {
			isa = PBXContainerItemProxy;
			containerPortal = 740D47C12609E62C005C04A2 /* Project object */;
			proxyType = 1;
			remoteGlobalIDString = 740D47C82609E62C005C04A2;
			remoteInfo = LChat;
		};
/* End PBXContainerItemProxy section */

/* Begin PBXFileReference section */
		0D47C8F982D78634AD736337 /* Pods-LChat-LChatUITests.debug.xcconfig */ = {isa = PBXFileReference; includeInIndex = 1; lastKnownFileType = text.xcconfig; name = "Pods-LChat-LChatUITests.debug.xcconfig"; path = "Target Support Files/Pods-LChat-LChatUITests/Pods-LChat-LChatUITests.debug.xcconfig"; sourceTree = "<group>"; };
		28BD8F15EA1C97E7F7A13961 /* Pods-LChat-LChatUITests.release.xcconfig */ = {isa = PBXFileReference; includeInIndex = 1; lastKnownFileType = text.xcconfig; name = "Pods-LChat-LChatUITests.release.xcconfig"; path = "Target Support Files/Pods-LChat-LChatUITests/Pods-LChat-LChatUITests.release.xcconfig"; sourceTree = "<group>"; };
		3981CB3F2E6B734B070D24F0 /* Pods_LChat_LChatUITests.framework */ = {isa = PBXFileReference; explicitFileType = wrapper.framework; includeInIndex = 0; path = Pods_LChat_LChatUITests.framework; sourceTree = BUILT_PRODUCTS_DIR; };
		4D80D63B26F619DF561BC554 /* Pods-LChatTests.release.xcconfig */ = {isa = PBXFileReference; includeInIndex = 1; lastKnownFileType = text.xcconfig; name = "Pods-LChatTests.release.xcconfig"; path = "Target Support Files/Pods-LChatTests/Pods-LChatTests.release.xcconfig"; sourceTree = "<group>"; };
		527B399BEB5AE46EB9486D5D /* Pods-LChatTests.debug.xcconfig */ = {isa = PBXFileReference; includeInIndex = 1; lastKnownFileType = text.xcconfig; name = "Pods-LChatTests.debug.xcconfig"; path = "Target Support Files/Pods-LChatTests/Pods-LChatTests.debug.xcconfig"; sourceTree = "<group>"; };
		65608C6A72E68721F632596F /* Pods-LChat.debug.xcconfig */ = {isa = PBXFileReference; includeInIndex = 1; lastKnownFileType = text.xcconfig; name = "Pods-LChat.debug.xcconfig"; path = "Target Support Files/Pods-LChat/Pods-LChat.debug.xcconfig"; sourceTree = "<group>"; };
		6D7197217AAB63D1FA8310DA /* Pods_LChat.framework */ = {isa = PBXFileReference; explicitFileType = wrapper.framework; includeInIndex = 0; path = Pods_LChat.framework; sourceTree = BUILT_PRODUCTS_DIR; };
		740D47C92609E62C005C04A2 /* LChat.app */ = {isa = PBXFileReference; explicitFileType = wrapper.application; includeInIndex = 0; path = LChat.app; sourceTree = BUILT_PRODUCTS_DIR; };
		740D47CC2609E62C005C04A2 /* AppDelegate.swift */ = {isa = PBXFileReference; lastKnownFileType = sourcecode.swift; path = AppDelegate.swift; sourceTree = "<group>"; };
		740D47CE2609E62C005C04A2 /* SceneDelegate.swift */ = {isa = PBXFileReference; lastKnownFileType = sourcecode.swift; path = SceneDelegate.swift; sourceTree = "<group>"; };
		740D47D52609E62E005C04A2 /* Assets.xcassets */ = {isa = PBXFileReference; lastKnownFileType = folder.assetcatalog; path = Assets.xcassets; sourceTree = "<group>"; };
		740D47D82609E62E005C04A2 /* Base */ = {isa = PBXFileReference; lastKnownFileType = file.storyboard; name = Base; path = Base.lproj/LaunchScreen.storyboard; sourceTree = "<group>"; };
		740D47DA2609E62E005C04A2 /* Info.plist */ = {isa = PBXFileReference; lastKnownFileType = text.plist.xml; path = Info.plist; sourceTree = "<group>"; };
		740D47DF2609E62F005C04A2 /* LChatTests.xctest */ = {isa = PBXFileReference; explicitFileType = wrapper.cfbundle; includeInIndex = 0; path = LChatTests.xctest; sourceTree = BUILT_PRODUCTS_DIR; };
		740D47E32609E62F005C04A2 /* LChatTests.swift */ = {isa = PBXFileReference; lastKnownFileType = sourcecode.swift; path = LChatTests.swift; sourceTree = "<group>"; };
		740D47E52609E62F005C04A2 /* Info.plist */ = {isa = PBXFileReference; lastKnownFileType = text.plist.xml; path = Info.plist; sourceTree = "<group>"; };
		740D47EA2609E62F005C04A2 /* LChatUITests.xctest */ = {isa = PBXFileReference; explicitFileType = wrapper.cfbundle; includeInIndex = 0; path = LChatUITests.xctest; sourceTree = BUILT_PRODUCTS_DIR; };
		740D47EE2609E62F005C04A2 /* LChatUITests.swift */ = {isa = PBXFileReference; lastKnownFileType = sourcecode.swift; path = LChatUITests.swift; sourceTree = "<group>"; };
		740D47F02609E62F005C04A2 /* Info.plist */ = {isa = PBXFileReference; lastKnownFileType = text.plist.xml; path = Info.plist; sourceTree = "<group>"; };
		7433E0922620D88D0003D1B5 /* FBDatabaseService.swift */ = {isa = PBXFileReference; lastKnownFileType = sourcecode.swift; path = FBDatabaseService.swift; sourceTree = "<group>"; };
		7433E0972620DA170003D1B5 /* DBError.swift */ = {isa = PBXFileReference; lastKnownFileType = sourcecode.swift; path = DBError.swift; sourceTree = "<group>"; };
		743880ED263209840032B454 /* UserDefaults+Extension.swift */ = {isa = PBXFileReference; lastKnownFileType = sourcecode.swift; path = "UserDefaults+Extension.swift"; sourceTree = "<group>"; };
		743BC80A2629FA6C00A9F9F0 /* ru */ = {isa = PBXFileReference; lastKnownFileType = text.plist.strings; name = ru; path = ru.lproj/LaunchScreen.strings; sourceTree = "<group>"; };
		743BC8142629FBE800A9F9F0 /* en */ = {isa = PBXFileReference; lastKnownFileType = text.plist.strings; name = en; path = en.lproj/Localizable.strings; sourceTree = "<group>"; };
		743BC816262A00EC00A9F9F0 /* ru */ = {isa = PBXFileReference; lastKnownFileType = text.plist.strings; name = ru; path = ru.lproj/Localizable.strings; sourceTree = "<group>"; };
		7449E2D4262B040C00BCE934 /* LanguagesViewController.swift */ = {isa = PBXFileReference; lastKnownFileType = sourcecode.swift; path = LanguagesViewController.swift; sourceTree = "<group>"; };
		7449E2E2262B1D2D00BCE934 /* SettingCoordinator.swift */ = {isa = PBXFileReference; lastKnownFileType = sourcecode.swift; path = SettingCoordinator.swift; sourceTree = "<group>"; };
		7449E2E7262B1E9800BCE934 /* SettingAssembler.swift */ = {isa = PBXFileReference; lastKnownFileType = sourcecode.swift; path = SettingAssembler.swift; sourceTree = "<group>"; };
		7449E2EF262CAE5A00BCE934 /* LanguagesViewModel.swift */ = {isa = PBXFileReference; lastKnownFileType = sourcecode.swift; path = LanguagesViewModel.swift; sourceTree = "<group>"; };
		7449E314262F443500BCE934 /* LanguageManager.swift */ = {isa = PBXFileReference; lastKnownFileType = sourcecode.swift; path = LanguageManager.swift; sourceTree = "<group>"; };
		7450139B260F7B7200539313 /* Coordinator.swift */ = {isa = PBXFileReference; lastKnownFileType = sourcecode.swift; path = Coordinator.swift; sourceTree = "<group>"; };
		745013A0260F7E2200539313 /* AuthCoordinator.swift */ = {isa = PBXFileReference; lastKnownFileType = sourcecode.swift; path = AuthCoordinator.swift; sourceTree = "<group>"; };
		745013A8260FC14100539313 /* VerificationViewController.swift */ = {isa = PBXFileReference; lastKnownFileType = sourcecode.swift; path = VerificationViewController.swift; sourceTree = "<group>"; };
		745013B3260FC54F00539313 /* VerificationViewModel.swift */ = {isa = PBXFileReference; lastKnownFileType = sourcecode.swift; path = VerificationViewModel.swift; sourceTree = "<group>"; };
		748A3F6D2634AB29009C9638 /* SliderView.swift */ = {isa = PBXFileReference; lastKnownFileType = sourcecode.swift; path = SliderView.swift; sourceTree = "<group>"; };
		7490AA39261618CF00D078DE /* SignUpViewController+Delegates.swift */ = {isa = PBXFileReference; lastKnownFileType = sourcecode.swift; path = "SignUpViewController+Delegates.swift"; sourceTree = "<group>"; };
		7490AA4126166E4500D078DE /* LoginViewController+Delegates.swift */ = {isa = PBXFileReference; lastKnownFileType = sourcecode.swift; path = "LoginViewController+Delegates.swift"; sourceTree = "<group>"; };
		7490AA542618CCD100D078DE /* MainCoordinator.swift */ = {isa = PBXFileReference; lastKnownFileType = sourcecode.swift; path = MainCoordinator.swift; sourceTree = "<group>"; };
		7490AA59261920C000D078DE /* AppCoordinator.swift */ = {isa = PBXFileReference; lastKnownFileType = sourcecode.swift; path = AppCoordinator.swift; sourceTree = "<group>"; };
		74A203F02613A0F700EC90FA /* UsernameTextField.swift */ = {isa = PBXFileReference; lastKnownFileType = sourcecode.swift; path = UsernameTextField.swift; sourceTree = "<group>"; };
		74A6AED7263C1F4E002A3DD0 /* ColorCollectionViewCell.swift */ = {isa = PBXFileReference; lastKnownFileType = sourcecode.swift; path = ColorCollectionViewCell.swift; sourceTree = "<group>"; };
		74A6AEDF263C99D8002A3DD0 /* ThemeManager.swift */ = {isa = PBXFileReference; lastKnownFileType = sourcecode.swift; path = ThemeManager.swift; sourceTree = "<group>"; };
		74AD662C26194368000943BC /* SearchUserViewController+Delegates.swift */ = {isa = PBXFileReference; lastKnownFileType = sourcecode.swift; path = "SearchUserViewController+Delegates.swift"; sourceTree = "<group>"; };
		74AD6631261945DB000943BC /* FBSearchService.swift */ = {isa = PBXFileReference; lastKnownFileType = sourcecode.swift; path = FBSearchService.swift; sourceTree = "<group>"; };
		74AD66362619FFF9000943BC /* ChatViewController+Delegates.swift */ = {isa = PBXFileReference; lastKnownFileType = sourcecode.swift; path = "ChatViewController+Delegates.swift"; sourceTree = "<group>"; };
		74AD663B261A010F000943BC /* ChatViewController+DataSource.swift */ = {isa = PBXFileReference; lastKnownFileType = sourcecode.swift; path = "ChatViewController+DataSource.swift"; sourceTree = "<group>"; };
		74AD6643261A4E58000943BC /* FBChatService.swift */ = {isa = PBXFileReference; lastKnownFileType = sourcecode.swift; path = FBChatService.swift; sourceTree = "<group>"; };
		74AD6649261E3DE5000943BC /* ChatError.swift */ = {isa = PBXFileReference; lastKnownFileType = sourcecode.swift; path = ChatError.swift; sourceTree = "<group>"; };
		74AFEDAA2627A1DF004AFE22 /* MyImageView.swift */ = {isa = PBXFileReference; lastKnownFileType = sourcecode.swift; path = MyImageView.swift; sourceTree = "<group>"; };
		74F86CB02609F9BC00CA03EC /* GoogleService-Info.plist */ = {isa = PBXFileReference; fileEncoding = 4; lastKnownFileType = text.plist.xml; path = "GoogleService-Info.plist"; sourceTree = "<group>"; };
		74F86CE5260A007700CA03EC /* User.swift */ = {isa = PBXFileReference; fileEncoding = 4; lastKnownFileType = sourcecode.swift; path = User.swift; sourceTree = "<group>"; };
		74F86CE7260A007700CA03EC /* MainAssembler.swift */ = {isa = PBXFileReference; fileEncoding = 4; lastKnownFileType = sourcecode.swift; path = MainAssembler.swift; sourceTree = "<group>"; };
		74F86CE8260A007700CA03EC /* Chat.swift */ = {isa = PBXFileReference; fileEncoding = 4; lastKnownFileType = sourcecode.swift; path = Chat.swift; sourceTree = "<group>"; };
		74F86CE9260A007700CA03EC /* Message.swift */ = {isa = PBXFileReference; fileEncoding = 4; lastKnownFileType = sourcecode.swift; path = Message.swift; sourceTree = "<group>"; };
		74F86CED260A007700CA03EC /* CountrySelector.swift */ = {isa = PBXFileReference; fileEncoding = 4; lastKnownFileType = sourcecode.swift; path = CountrySelector.swift; sourceTree = "<group>"; };
		74F86CF0260A007700CA03EC /* Bindable.swift */ = {isa = PBXFileReference; fileEncoding = 4; lastKnownFileType = sourcecode.swift; path = Bindable.swift; sourceTree = "<group>"; };
		74F86D05260A013600CA03EC /* ChatViewModel.swift */ = {isa = PBXFileReference; fileEncoding = 4; lastKnownFileType = sourcecode.swift; path = ChatViewModel.swift; sourceTree = "<group>"; };
		74F86D09260A013600CA03EC /* ChatViewController.swift */ = {isa = PBXFileReference; fileEncoding = 4; lastKnownFileType = sourcecode.swift; path = ChatViewController.swift; sourceTree = "<group>"; };
		74F86D0C260A013600CA03EC /* SettingsViewModel.swift */ = {isa = PBXFileReference; fileEncoding = 4; lastKnownFileType = sourcecode.swift; path = SettingsViewModel.swift; sourceTree = "<group>"; };
		74F86D0E260A013600CA03EC /* SettingViewController.swift */ = {isa = PBXFileReference; fileEncoding = 4; lastKnownFileType = sourcecode.swift; path = SettingViewController.swift; sourceTree = "<group>"; };
		74F86D12260A013600CA03EC /* CountriesViewModel.swift */ = {isa = PBXFileReference; fileEncoding = 4; lastKnownFileType = sourcecode.swift; path = CountriesViewModel.swift; sourceTree = "<group>"; };
		74F86D17260A013600CA03EC /* CountriesViewController.swift */ = {isa = PBXFileReference; fileEncoding = 4; lastKnownFileType = sourcecode.swift; path = CountriesViewController.swift; sourceTree = "<group>"; };
		74F86D1C260A013600CA03EC /* ProfileViewModel.swift */ = {isa = PBXFileReference; fileEncoding = 4; lastKnownFileType = sourcecode.swift; path = ProfileViewModel.swift; sourceTree = "<group>"; };
		74F86D1E260A013600CA03EC /* ProfileViewController.swift */ = {isa = PBXFileReference; fileEncoding = 4; lastKnownFileType = sourcecode.swift; path = ProfileViewController.swift; sourceTree = "<group>"; };
		74F86D21260A013600CA03EC /* HomeViewModel.swift */ = {isa = PBXFileReference; fileEncoding = 4; lastKnownFileType = sourcecode.swift; path = HomeViewModel.swift; sourceTree = "<group>"; };
		74F86D23260A013600CA03EC /* HomeTabBarController.swift */ = {isa = PBXFileReference; fileEncoding = 4; lastKnownFileType = sourcecode.swift; path = HomeTabBarController.swift; sourceTree = "<group>"; };
		74F86D2B260A013600CA03EC /* ChatRoomsViewModel.swift */ = {isa = PBXFileReference; fileEncoding = 4; lastKnownFileType = sourcecode.swift; path = ChatRoomsViewModel.swift; sourceTree = "<group>"; };
		74F86D2D260A013600CA03EC /* ChatRoomsViewController.swift */ = {isa = PBXFileReference; fileEncoding = 4; lastKnownFileType = sourcecode.swift; path = ChatRoomsViewController.swift; sourceTree = "<group>"; };
		74F86D3B260A013600CA03EC /* SearchUserViewModel.swift */ = {isa = PBXFileReference; fileEncoding = 4; lastKnownFileType = sourcecode.swift; path = SearchUserViewModel.swift; sourceTree = "<group>"; };
		74F86D3D260A013600CA03EC /* SearchUserViewController.swift */ = {isa = PBXFileReference; fileEncoding = 4; lastKnownFileType = sourcecode.swift; path = SearchUserViewController.swift; sourceTree = "<group>"; };
		74F86D6A260A0F3400CA03EC /* ChatTableViewCell.swift */ = {isa = PBXFileReference; fileEncoding = 4; lastKnownFileType = sourcecode.swift; path = ChatTableViewCell.swift; sourceTree = "<group>"; };
		74F86D6B260A0F3400CA03EC /* UserTableViewCell.swift */ = {isa = PBXFileReference; fileEncoding = 4; lastKnownFileType = sourcecode.swift; path = UserTableViewCell.swift; sourceTree = "<group>"; };
		74F86D6D260A0F3400CA03EC /* DeleteAccountTableViewCell.swift */ = {isa = PBXFileReference; fileEncoding = 4; lastKnownFileType = sourcecode.swift; path = DeleteAccountTableViewCell.swift; sourceTree = "<group>"; };
		74F86D6F260A0F3400CA03EC /* ThemeTableViewCell.swift */ = {isa = PBXFileReference; fileEncoding = 4; lastKnownFileType = sourcecode.swift; path = ThemeTableViewCell.swift; sourceTree = "<group>"; };
		74F86D70260A0F3400CA03EC /* LanguageTableViewCell.swift */ = {isa = PBXFileReference; fileEncoding = 4; lastKnownFileType = sourcecode.swift; path = LanguageTableViewCell.swift; sourceTree = "<group>"; };
		74F86D7D260A101D00CA03EC /* UIImageView+Extension.swift */ = {isa = PBXFileReference; fileEncoding = 4; lastKnownFileType = sourcecode.swift; path = "UIImageView+Extension.swift"; sourceTree = "<group>"; };
		74F86D80260A101D00CA03EC /* UIView+Extension.swift */ = {isa = PBXFileReference; fileEncoding = 4; lastKnownFileType = sourcecode.swift; path = "UIView+Extension.swift"; sourceTree = "<group>"; };
		74F86D82260A101D00CA03EC /* UILabel+Extension.swift */ = {isa = PBXFileReference; fileEncoding = 4; lastKnownFileType = sourcecode.swift; path = "UILabel+Extension.swift"; sourceTree = "<group>"; };
		74F86D83260A101D00CA03EC /* String+Extension.swift */ = {isa = PBXFileReference; fileEncoding = 4; lastKnownFileType = sourcecode.swift; path = "String+Extension.swift"; sourceTree = "<group>"; };
		74F86D84260A101D00CA03EC /* DateFormatter+Extension.swift */ = {isa = PBXFileReference; fileEncoding = 4; lastKnownFileType = sourcecode.swift; path = "DateFormatter+Extension.swift"; sourceTree = "<group>"; };
		74F86D85260A101D00CA03EC /* UIStackView+Extension.swift */ = {isa = PBXFileReference; fileEncoding = 4; lastKnownFileType = sourcecode.swift; path = "UIStackView+Extension.swift"; sourceTree = "<group>"; };
		74F86D86260A101D00CA03EC /* UITextField+Extension.swift */ = {isa = PBXFileReference; fileEncoding = 4; lastKnownFileType = sourcecode.swift; path = "UITextField+Extension.swift"; sourceTree = "<group>"; };
		74F86D95260A10F100CA03EC /* UnSeenMessageBadgeLabel.swift */ = {isa = PBXFileReference; fileEncoding = 4; lastKnownFileType = sourcecode.swift; path = UnSeenMessageBadgeLabel.swift; sourceTree = "<group>"; };
		74F86D96260A10F100CA03EC /* PhoneNumberTextField.swift */ = {isa = PBXFileReference; fileEncoding = 4; lastKnownFileType = sourcecode.swift; path = PhoneNumberTextField.swift; sourceTree = "<group>"; };
		74F86D9E260A115D00CA03EC /* FBObserveService.swift */ = {isa = PBXFileReference; fileEncoding = 4; lastKnownFileType = sourcecode.swift; path = FBObserveService.swift; sourceTree = "<group>"; };
		74F86D9F260A115D00CA03EC /* FBStorageService.swift */ = {isa = PBXFileReference; fileEncoding = 4; lastKnownFileType = sourcecode.swift; path = FBStorageService.swift; sourceTree = "<group>"; };
		74F86DB2260A22FF00CA03EC /* FBAuthService.swift */ = {isa = PBXFileReference; lastKnownFileType = sourcecode.swift; path = FBAuthService.swift; sourceTree = "<group>"; };
		74F86DB7260A311F00CA03EC /* LoginViewController.swift */ = {isa = PBXFileReference; lastKnownFileType = sourcecode.swift; path = LoginViewController.swift; sourceTree = "<group>"; };
		74F86DD1260B912C00CA03EC /* LoginViewModel.swift */ = {isa = PBXFileReference; lastKnownFileType = sourcecode.swift; path = LoginViewModel.swift; sourceTree = "<group>"; };
		74F86DD9260B9A6D00CA03EC /* AuthView.swift */ = {isa = PBXFileReference; lastKnownFileType = sourcecode.swift; path = AuthView.swift; sourceTree = "<group>"; };
		74F86DF9260D359C00CA03EC /* SignUpViewController.swift */ = {isa = PBXFileReference; lastKnownFileType = sourcecode.swift; path = SignUpViewController.swift; sourceTree = "<group>"; };
		74F86DFE260D36CD00CA03EC /* SignUpViewModel.swift */ = {isa = PBXFileReference; lastKnownFileType = sourcecode.swift; path = SignUpViewModel.swift; sourceTree = "<group>"; };
		74F86E0F260D3ECB00CA03EC /* AuthAssembler.swift */ = {isa = PBXFileReference; lastKnownFileType = sourcecode.swift; path = AuthAssembler.swift; sourceTree = "<group>"; };
		AC207C6CA9B66BA72A81161E /* Pods-LChat.release.xcconfig */ = {isa = PBXFileReference; includeInIndex = 1; lastKnownFileType = text.xcconfig; name = "Pods-LChat.release.xcconfig"; path = "Target Support Files/Pods-LChat/Pods-LChat.release.xcconfig"; sourceTree = "<group>"; };
		FD6279072B7B6ADB04DB401A /* Pods_LChatTests.framework */ = {isa = PBXFileReference; explicitFileType = wrapper.framework; includeInIndex = 0; path = Pods_LChatTests.framework; sourceTree = BUILT_PRODUCTS_DIR; };
/* End PBXFileReference section */

/* Begin PBXFrameworksBuildPhase section */
		740D47C62609E62C005C04A2 /* Frameworks */ = {
			isa = PBXFrameworksBuildPhase;
			buildActionMask = 2147483647;
			files = (
				657901CEF1CE3288BAD0F93C /* Pods_LChat.framework in Frameworks */,
			);
			runOnlyForDeploymentPostprocessing = 0;
		};
		740D47DC2609E62F005C04A2 /* Frameworks */ = {
			isa = PBXFrameworksBuildPhase;
			buildActionMask = 2147483647;
			files = (
				59F039AF8762A319AA3B484C /* Pods_LChatTests.framework in Frameworks */,
			);
			runOnlyForDeploymentPostprocessing = 0;
		};
		740D47E72609E62F005C04A2 /* Frameworks */ = {
			isa = PBXFrameworksBuildPhase;
			buildActionMask = 2147483647;
			files = (
				226772B71B544A82523DDDCE /* Pods_LChat_LChatUITests.framework in Frameworks */,
			);
			runOnlyForDeploymentPostprocessing = 0;
		};
/* End PBXFrameworksBuildPhase section */

/* Begin PBXGroup section */
		1EF124EBE5FB9AA94C202B82 /* Frameworks */ = {
			isa = PBXGroup;
			children = (
				6D7197217AAB63D1FA8310DA /* Pods_LChat.framework */,
				3981CB3F2E6B734B070D24F0 /* Pods_LChat_LChatUITests.framework */,
				FD6279072B7B6ADB04DB401A /* Pods_LChatTests.framework */,
			);
			name = Frameworks;
			sourceTree = "<group>";
		};
		740D47C02609E62C005C04A2 = {
			isa = PBXGroup;
			children = (
				740D47CB2609E62C005C04A2 /* LChat */,
				740D47E22609E62F005C04A2 /* LChatTests */,
				740D47ED2609E62F005C04A2 /* LChatUITests */,
				740D47CA2609E62C005C04A2 /* Products */,
				7D8E8B6B17765BD47F807B30 /* Pods */,
				1EF124EBE5FB9AA94C202B82 /* Frameworks */,
			);
			sourceTree = "<group>";
		};
		740D47CA2609E62C005C04A2 /* Products */ = {
			isa = PBXGroup;
			children = (
				740D47C92609E62C005C04A2 /* LChat.app */,
				740D47DF2609E62F005C04A2 /* LChatTests.xctest */,
				740D47EA2609E62F005C04A2 /* LChatUITests.xctest */,
			);
			name = Products;
			sourceTree = "<group>";
		};
		740D47CB2609E62C005C04A2 /* LChat */ = {
			isa = PBXGroup;
			children = (
				74F86CB52609FEA000CA03EC /* Models */,
				74F86D02260A013600CA03EC /* Modules */,
				74F86D9C260A115D00CA03EC /* Services */,
				74F86D94260A10F100CA03EC /* Views */,
				74F86CE6260A007700CA03EC /* Assembly */,
				7450139A260F7AF900539313 /* Coordinator */,
				74F86CEF260A007700CA03EC /* Bind */,
				74AD6648261E3D63000943BC /* Errors */,
				74DF595A262364BA004609FD /* Helper */,
				74F86D7C260A101D00CA03EC /* Extensions */,
				740D47CC2609E62C005C04A2 /* AppDelegate.swift */,
				740D47CE2609E62C005C04A2 /* SceneDelegate.swift */,
				740D47D52609E62E005C04A2 /* Assets.xcassets */,
				740D47D72609E62E005C04A2 /* LaunchScreen.storyboard */,
				740D47DA2609E62E005C04A2 /* Info.plist */,
				74F86CB02609F9BC00CA03EC /* GoogleService-Info.plist */,
				743BC8152629FBE800A9F9F0 /* Localizable.strings */,
			);
			path = LChat;
			sourceTree = "<group>";
		};
		740D47E22609E62F005C04A2 /* LChatTests */ = {
			isa = PBXGroup;
			children = (
				740D47E32609E62F005C04A2 /* LChatTests.swift */,
				740D47E52609E62F005C04A2 /* Info.plist */,
			);
			path = LChatTests;
			sourceTree = "<group>";
		};
		740D47ED2609E62F005C04A2 /* LChatUITests */ = {
			isa = PBXGroup;
			children = (
				740D47EE2609E62F005C04A2 /* LChatUITests.swift */,
				740D47F02609E62F005C04A2 /* Info.plist */,
			);
			path = LChatUITests;
			sourceTree = "<group>";
		};
		7450139A260F7AF900539313 /* Coordinator */ = {
			isa = PBXGroup;
			children = (
				7450139B260F7B7200539313 /* Coordinator.swift */,
				7490AA59261920C000D078DE /* AppCoordinator.swift */,
				7490AA542618CCD100D078DE /* MainCoordinator.swift */,
				745013A0260F7E2200539313 /* AuthCoordinator.swift */,
				7449E2E2262B1D2D00BCE934 /* SettingCoordinator.swift */,
			);
			path = Coordinator;
			sourceTree = "<group>";
		};
		7490AA492618C5EB00D078DE /* SignUpModule */ = {
			isa = PBXGroup;
			children = (
				74F86DFE260D36CD00CA03EC /* SignUpViewModel.swift */,
				74F86DF9260D359C00CA03EC /* SignUpViewController.swift */,
				7490AA39261618CF00D078DE /* SignUpViewController+Delegates.swift */,
			);
			path = SignUpModule;
			sourceTree = "<group>";
		};
		7490AA4A2618C5FB00D078DE /* LoginModule */ = {
			isa = PBXGroup;
			children = (
				74F86DD1260B912C00CA03EC /* LoginViewModel.swift */,
				74F86DB7260A311F00CA03EC /* LoginViewController.swift */,
				7490AA4126166E4500D078DE /* LoginViewController+Delegates.swift */,
			);
			path = LoginModule;
			sourceTree = "<group>";
		};
		7490AA4B2618C60800D078DE /* VerificationModule */ = {
			isa = PBXGroup;
			children = (
				745013A8260FC14100539313 /* VerificationViewController.swift */,
				745013B3260FC54F00539313 /* VerificationViewModel.swift */,
			);
			path = VerificationModule;
			sourceTree = "<group>";
		};
		7490AA4C2618C6E100D078DE /* CountriesModule */ = {
			isa = PBXGroup;
			children = (
				74F86D17260A013600CA03EC /* CountriesViewController.swift */,
				74F86D12260A013600CA03EC /* CountriesViewModel.swift */,
			);
			path = CountriesModule;
			sourceTree = "<group>";
		};
		74AD6648261E3D63000943BC /* Errors */ = {
			isa = PBXGroup;
			children = (
				74AD6649261E3DE5000943BC /* ChatError.swift */,
				7433E0972620DA170003D1B5 /* DBError.swift */,
			);
			path = Errors;
			sourceTree = "<group>";
		};
		74DF595A262364BA004609FD /* Helper */ = {
			isa = PBXGroup;
			children = (
				74F86CED260A007700CA03EC /* CountrySelector.swift */,
			);
			path = Helper;
			sourceTree = "<group>";
		};
		74F86CB52609FEA000CA03EC /* Models */ = {
			isa = PBXGroup;
			children = (
				74F86CE9260A007700CA03EC /* Message.swift */,
				74F86CE8260A007700CA03EC /* Chat.swift */,
				74F86CE5260A007700CA03EC /* User.swift */,
			);
			path = Models;
			sourceTree = "<group>";
		};
		74F86CE6260A007700CA03EC /* Assembly */ = {
			isa = PBXGroup;
			children = (
				74F86CE7260A007700CA03EC /* MainAssembler.swift */,
				74F86E0F260D3ECB00CA03EC /* AuthAssembler.swift */,
				7449E2E7262B1E9800BCE934 /* SettingAssembler.swift */,
			);
			path = Assembly;
			sourceTree = "<group>";
		};
		74F86CEF260A007700CA03EC /* Bind */ = {
			isa = PBXGroup;
			children = (
				74F86CF0260A007700CA03EC /* Bindable.swift */,
			);
			path = Bind;
			sourceTree = "<group>";
		};
		74F86D02260A013600CA03EC /* Modules */ = {
			isa = PBXGroup;
			children = (
				74F86D0F260A013600CA03EC /* AuthModules */,
				74F86D1F260A013600CA03EC /* HomeModule */,
				74F86D29260A013600CA03EC /* ChatRoomsModule */,
				74F86D03260A013600CA03EC /* ChatModule */,
				74F86D1A260A013600CA03EC /* ProfileModule */,
				74F86D0A260A013600CA03EC /* SettingsModule */,
				74F86D39260A013600CA03EC /* SearchModule */,
			);
			path = Modules;
			sourceTree = "<group>";
		};
		74F86D03260A013600CA03EC /* ChatModule */ = {
			isa = PBXGroup;
			children = (
				74F86D05260A013600CA03EC /* ChatViewModel.swift */,
				74F86D09260A013600CA03EC /* ChatViewController.swift */,
				74AD663B261A010F000943BC /* ChatViewController+DataSource.swift */,
				74AD66362619FFF9000943BC /* ChatViewController+Delegates.swift */,
			);
			path = ChatModule;
			sourceTree = "<group>";
		};
		74F86D0A260A013600CA03EC /* SettingsModule */ = {
			isa = PBXGroup;
			children = (
				74F86D0C260A013600CA03EC /* SettingsViewModel.swift */,
				74F86D0E260A013600CA03EC /* SettingViewController.swift */,
				7449E2EF262CAE5A00BCE934 /* LanguagesViewModel.swift */,
				7449E2D4262B040C00BCE934 /* LanguagesViewController.swift */,
			);
			path = SettingsModule;
			sourceTree = "<group>";
		};
		74F86D0F260A013600CA03EC /* AuthModules */ = {
			isa = PBXGroup;
			children = (
				7490AA4A2618C5FB00D078DE /* LoginModule */,
				7490AA492618C5EB00D078DE /* SignUpModule */,
				7490AA4B2618C60800D078DE /* VerificationModule */,
				7490AA4C2618C6E100D078DE /* CountriesModule */,
			);
			path = AuthModules;
			sourceTree = "<group>";
		};
		74F86D1A260A013600CA03EC /* ProfileModule */ = {
			isa = PBXGroup;
			children = (
				74F86D1C260A013600CA03EC /* ProfileViewModel.swift */,
				74F86D1E260A013600CA03EC /* ProfileViewController.swift */,
			);
			path = ProfileModule;
			sourceTree = "<group>";
		};
		74F86D1F260A013600CA03EC /* HomeModule */ = {
			isa = PBXGroup;
			children = (
				74F86D21260A013600CA03EC /* HomeViewModel.swift */,
				74F86D23260A013600CA03EC /* HomeTabBarController.swift */,
			);
			path = HomeModule;
			sourceTree = "<group>";
		};
		74F86D29260A013600CA03EC /* ChatRoomsModule */ = {
			isa = PBXGroup;
			children = (
				74F86D2B260A013600CA03EC /* ChatRoomsViewModel.swift */,
				74F86D2D260A013600CA03EC /* ChatRoomsViewController.swift */,
			);
			path = ChatRoomsModule;
			sourceTree = "<group>";
		};
		74F86D39260A013600CA03EC /* SearchModule */ = {
			isa = PBXGroup;
			children = (
				74F86D3B260A013600CA03EC /* SearchUserViewModel.swift */,
				74F86D3D260A013600CA03EC /* SearchUserViewController.swift */,
				74AD662C26194368000943BC /* SearchUserViewController+Delegates.swift */,
			);
			path = SearchModule;
			sourceTree = "<group>";
		};
		74F86D69260A0F3400CA03EC /* Cells */ = {
			isa = PBXGroup;
			children = (
				74F86D6A260A0F3400CA03EC /* ChatTableViewCell.swift */,
				74F86D6B260A0F3400CA03EC /* UserTableViewCell.swift */,
				74A6AED7263C1F4E002A3DD0 /* ColorCollectionViewCell.swift */,
				74F86D6C260A0F3400CA03EC /* SettingCells */,
			);
			path = Cells;
			sourceTree = "<group>";
		};
		74F86D6C260A0F3400CA03EC /* SettingCells */ = {
			isa = PBXGroup;
			children = (
				74F86D6F260A0F3400CA03EC /* ThemeTableViewCell.swift */,
				74F86D70260A0F3400CA03EC /* LanguageTableViewCell.swift */,
				74F86D6D260A0F3400CA03EC /* DeleteAccountTableViewCell.swift */,
			);
			path = SettingCells;
			sourceTree = "<group>";
		};
		74F86D7C260A101D00CA03EC /* Extensions */ = {
			isa = PBXGroup;
			children = (
				74F86D7D260A101D00CA03EC /* UIImageView+Extension.swift */,
				74F86D80260A101D00CA03EC /* UIView+Extension.swift */,
				74F86D82260A101D00CA03EC /* UILabel+Extension.swift */,
				74F86D83260A101D00CA03EC /* String+Extension.swift */,
				74F86D84260A101D00CA03EC /* DateFormatter+Extension.swift */,
				74F86D85260A101D00CA03EC /* UIStackView+Extension.swift */,
				74F86D86260A101D00CA03EC /* UITextField+Extension.swift */,
				743880ED263209840032B454 /* UserDefaults+Extension.swift */,
			);
			path = Extensions;
			sourceTree = "<group>";
		};
		74F86D94260A10F100CA03EC /* Views */ = {
			isa = PBXGroup;
			children = (
				74F86D69260A0F3400CA03EC /* Cells */,
				74F86DD9260B9A6D00CA03EC /* AuthView.swift */,
				74F86D96260A10F100CA03EC /* PhoneNumberTextField.swift */,
				74A203F02613A0F700EC90FA /* UsernameTextField.swift */,
				74F86D95260A10F100CA03EC /* UnSeenMessageBadgeLabel.swift */,
				74AFEDAA2627A1DF004AFE22 /* MyImageView.swift */,
				748A3F6D2634AB29009C9638 /* SliderView.swift */,
			);
			path = Views;
			sourceTree = "<group>";
		};
		74F86D9C260A115D00CA03EC /* Services */ = {
			isa = PBXGroup;
			children = (
				74F86D9E260A115D00CA03EC /* FBObserveService.swift */,
				74F86D9F260A115D00CA03EC /* FBStorageService.swift */,
				74F86DB2260A22FF00CA03EC /* FBAuthService.swift */,
				74AD6631261945DB000943BC /* FBSearchService.swift */,
				74AD6643261A4E58000943BC /* FBChatService.swift */,
				7433E0922620D88D0003D1B5 /* FBDatabaseService.swift */,
				7449E314262F443500BCE934 /* LanguageManager.swift */,
				74A6AEDF263C99D8002A3DD0 /* ThemeManager.swift */,
			);
			path = Services;
			sourceTree = "<group>";
		};
		7D8E8B6B17765BD47F807B30 /* Pods */ = {
			isa = PBXGroup;
			children = (
				65608C6A72E68721F632596F /* Pods-LChat.debug.xcconfig */,
				AC207C6CA9B66BA72A81161E /* Pods-LChat.release.xcconfig */,
				0D47C8F982D78634AD736337 /* Pods-LChat-LChatUITests.debug.xcconfig */,
				28BD8F15EA1C97E7F7A13961 /* Pods-LChat-LChatUITests.release.xcconfig */,
				527B399BEB5AE46EB9486D5D /* Pods-LChatTests.debug.xcconfig */,
				4D80D63B26F619DF561BC554 /* Pods-LChatTests.release.xcconfig */,
			);
			path = Pods;
			sourceTree = "<group>";
		};
/* End PBXGroup section */

/* Begin PBXNativeTarget section */
		740D47C82609E62C005C04A2 /* LChat */ = {
			isa = PBXNativeTarget;
			buildConfigurationList = 740D47F32609E62F005C04A2 /* Build configuration list for PBXNativeTarget "LChat" */;
			buildPhases = (
				F715B7404BC509A2C02E053A /* [CP] Check Pods Manifest.lock */,
				740D47C52609E62C005C04A2 /* Sources */,
				740D47C62609E62C005C04A2 /* Frameworks */,
				740D47C72609E62C005C04A2 /* Resources */,
				5751107985D062BC58392D3C /* [CP] Embed Pods Frameworks */,
			);
			buildRules = (
			);
			dependencies = (
			);
			name = LChat;
			productName = LChat;
			productReference = 740D47C92609E62C005C04A2 /* LChat.app */;
			productType = "com.apple.product-type.application";
		};
		740D47DE2609E62F005C04A2 /* LChatTests */ = {
			isa = PBXNativeTarget;
			buildConfigurationList = 740D47F62609E62F005C04A2 /* Build configuration list for PBXNativeTarget "LChatTests" */;
			buildPhases = (
				82D2BBDBC6FC14924D42C3B4 /* [CP] Check Pods Manifest.lock */,
				740D47DB2609E62F005C04A2 /* Sources */,
				740D47DC2609E62F005C04A2 /* Frameworks */,
				740D47DD2609E62F005C04A2 /* Resources */,
			);
			buildRules = (
			);
			dependencies = (
				740D47E12609E62F005C04A2 /* PBXTargetDependency */,
			);
			name = LChatTests;
			productName = LChatTests;
			productReference = 740D47DF2609E62F005C04A2 /* LChatTests.xctest */;
			productType = "com.apple.product-type.bundle.unit-test";
		};
		740D47E92609E62F005C04A2 /* LChatUITests */ = {
			isa = PBXNativeTarget;
			buildConfigurationList = 740D47F92609E62F005C04A2 /* Build configuration list for PBXNativeTarget "LChatUITests" */;
			buildPhases = (
				9AED42CAE392882583D0432E /* [CP] Check Pods Manifest.lock */,
				740D47E62609E62F005C04A2 /* Sources */,
				740D47E72609E62F005C04A2 /* Frameworks */,
				740D47E82609E62F005C04A2 /* Resources */,
				D132E4212CB0268DD73EC847 /* [CP] Embed Pods Frameworks */,
			);
			buildRules = (
			);
			dependencies = (
				740D47EC2609E62F005C04A2 /* PBXTargetDependency */,
			);
			name = LChatUITests;
			productName = LChatUITests;
			productReference = 740D47EA2609E62F005C04A2 /* LChatUITests.xctest */;
			productType = "com.apple.product-type.bundle.ui-testing";
		};
/* End PBXNativeTarget section */

/* Begin PBXProject section */
		740D47C12609E62C005C04A2 /* Project object */ = {
			isa = PBXProject;
			attributes = {
				LastSwiftUpdateCheck = 1230;
				LastUpgradeCheck = 1230;
				TargetAttributes = {
					740D47C82609E62C005C04A2 = {
						CreatedOnToolsVersion = 12.3;
					};
					740D47DE2609E62F005C04A2 = {
						CreatedOnToolsVersion = 12.3;
						TestTargetID = 740D47C82609E62C005C04A2;
					};
					740D47E92609E62F005C04A2 = {
						CreatedOnToolsVersion = 12.3;
						TestTargetID = 740D47C82609E62C005C04A2;
					};
				};
			};
			buildConfigurationList = 740D47C42609E62C005C04A2 /* Build configuration list for PBXProject "LChat" */;
			compatibilityVersion = "Xcode 9.3";
			developmentRegion = en;
			hasScannedForEncodings = 0;
			knownRegions = (
				en,
				Base,
				ru,
			);
			mainGroup = 740D47C02609E62C005C04A2;
			productRefGroup = 740D47CA2609E62C005C04A2 /* Products */;
			projectDirPath = "";
			projectRoot = "";
			targets = (
				740D47C82609E62C005C04A2 /* LChat */,
				740D47DE2609E62F005C04A2 /* LChatTests */,
				740D47E92609E62F005C04A2 /* LChatUITests */,
			);
		};
/* End PBXProject section */

/* Begin PBXResourcesBuildPhase section */
		740D47C72609E62C005C04A2 /* Resources */ = {
			isa = PBXResourcesBuildPhase;
			buildActionMask = 2147483647;
			files = (
				740D47D92609E62E005C04A2 /* LaunchScreen.storyboard in Resources */,
				743BC8132629FBE800A9F9F0 /* Localizable.strings in Resources */,
				740D47D62609E62E005C04A2 /* Assets.xcassets in Resources */,
				74F86CB12609F9BC00CA03EC /* GoogleService-Info.plist in Resources */,
			);
			runOnlyForDeploymentPostprocessing = 0;
		};
		740D47DD2609E62F005C04A2 /* Resources */ = {
			isa = PBXResourcesBuildPhase;
			buildActionMask = 2147483647;
			files = (
			);
			runOnlyForDeploymentPostprocessing = 0;
		};
		740D47E82609E62F005C04A2 /* Resources */ = {
			isa = PBXResourcesBuildPhase;
			buildActionMask = 2147483647;
			files = (
			);
			runOnlyForDeploymentPostprocessing = 0;
		};
/* End PBXResourcesBuildPhase section */

/* Begin PBXShellScriptBuildPhase section */
		5751107985D062BC58392D3C /* [CP] Embed Pods Frameworks */ = {
			isa = PBXShellScriptBuildPhase;
			buildActionMask = 2147483647;
			files = (
			);
			inputFileListPaths = (
				"${PODS_ROOT}/Target Support Files/Pods-LChat/Pods-LChat-frameworks-${CONFIGURATION}-input-files.xcfilelist",
			);
			name = "[CP] Embed Pods Frameworks";
			outputFileListPaths = (
				"${PODS_ROOT}/Target Support Files/Pods-LChat/Pods-LChat-frameworks-${CONFIGURATION}-output-files.xcfilelist",
			);
			runOnlyForDeploymentPostprocessing = 0;
			shellPath = /bin/sh;
			shellScript = "\"${PODS_ROOT}/Target Support Files/Pods-LChat/Pods-LChat-frameworks.sh\"\n";
			showEnvVarsInLog = 0;
		};
		82D2BBDBC6FC14924D42C3B4 /* [CP] Check Pods Manifest.lock */ = {
			isa = PBXShellScriptBuildPhase;
			buildActionMask = 2147483647;
			files = (
			);
			inputFileListPaths = (
			);
			inputPaths = (
				"${PODS_PODFILE_DIR_PATH}/Podfile.lock",
				"${PODS_ROOT}/Manifest.lock",
			);
			name = "[CP] Check Pods Manifest.lock";
			outputFileListPaths = (
			);
			outputPaths = (
				"$(DERIVED_FILE_DIR)/Pods-LChatTests-checkManifestLockResult.txt",
			);
			runOnlyForDeploymentPostprocessing = 0;
			shellPath = /bin/sh;
			shellScript = "diff \"${PODS_PODFILE_DIR_PATH}/Podfile.lock\" \"${PODS_ROOT}/Manifest.lock\" > /dev/null\nif [ $? != 0 ] ; then\n    # print error to STDERR\n    echo \"error: The sandbox is not in sync with the Podfile.lock. Run 'pod install' or update your CocoaPods installation.\" >&2\n    exit 1\nfi\n# This output is used by Xcode 'outputs' to avoid re-running this script phase.\necho \"SUCCESS\" > \"${SCRIPT_OUTPUT_FILE_0}\"\n";
			showEnvVarsInLog = 0;
		};
		9AED42CAE392882583D0432E /* [CP] Check Pods Manifest.lock */ = {
			isa = PBXShellScriptBuildPhase;
			buildActionMask = 2147483647;
			files = (
			);
			inputFileListPaths = (
			);
			inputPaths = (
				"${PODS_PODFILE_DIR_PATH}/Podfile.lock",
				"${PODS_ROOT}/Manifest.lock",
			);
			name = "[CP] Check Pods Manifest.lock";
			outputFileListPaths = (
			);
			outputPaths = (
				"$(DERIVED_FILE_DIR)/Pods-LChat-LChatUITests-checkManifestLockResult.txt",
			);
			runOnlyForDeploymentPostprocessing = 0;
			shellPath = /bin/sh;
			shellScript = "diff \"${PODS_PODFILE_DIR_PATH}/Podfile.lock\" \"${PODS_ROOT}/Manifest.lock\" > /dev/null\nif [ $? != 0 ] ; then\n    # print error to STDERR\n    echo \"error: The sandbox is not in sync with the Podfile.lock. Run 'pod install' or update your CocoaPods installation.\" >&2\n    exit 1\nfi\n# This output is used by Xcode 'outputs' to avoid re-running this script phase.\necho \"SUCCESS\" > \"${SCRIPT_OUTPUT_FILE_0}\"\n";
			showEnvVarsInLog = 0;
		};
		D132E4212CB0268DD73EC847 /* [CP] Embed Pods Frameworks */ = {
			isa = PBXShellScriptBuildPhase;
			buildActionMask = 2147483647;
			files = (
			);
			inputFileListPaths = (
				"${PODS_ROOT}/Target Support Files/Pods-LChat-LChatUITests/Pods-LChat-LChatUITests-frameworks-${CONFIGURATION}-input-files.xcfilelist",
			);
			name = "[CP] Embed Pods Frameworks";
			outputFileListPaths = (
				"${PODS_ROOT}/Target Support Files/Pods-LChat-LChatUITests/Pods-LChat-LChatUITests-frameworks-${CONFIGURATION}-output-files.xcfilelist",
			);
			runOnlyForDeploymentPostprocessing = 0;
			shellPath = /bin/sh;
			shellScript = "\"${PODS_ROOT}/Target Support Files/Pods-LChat-LChatUITests/Pods-LChat-LChatUITests-frameworks.sh\"\n";
			showEnvVarsInLog = 0;
		};
		F715B7404BC509A2C02E053A /* [CP] Check Pods Manifest.lock */ = {
			isa = PBXShellScriptBuildPhase;
			buildActionMask = 2147483647;
			files = (
			);
			inputFileListPaths = (
			);
			inputPaths = (
				"${PODS_PODFILE_DIR_PATH}/Podfile.lock",
				"${PODS_ROOT}/Manifest.lock",
			);
			name = "[CP] Check Pods Manifest.lock";
			outputFileListPaths = (
			);
			outputPaths = (
				"$(DERIVED_FILE_DIR)/Pods-LChat-checkManifestLockResult.txt",
			);
			runOnlyForDeploymentPostprocessing = 0;
			shellPath = /bin/sh;
			shellScript = "diff \"${PODS_PODFILE_DIR_PATH}/Podfile.lock\" \"${PODS_ROOT}/Manifest.lock\" > /dev/null\nif [ $? != 0 ] ; then\n    # print error to STDERR\n    echo \"error: The sandbox is not in sync with the Podfile.lock. Run 'pod install' or update your CocoaPods installation.\" >&2\n    exit 1\nfi\n# This output is used by Xcode 'outputs' to avoid re-running this script phase.\necho \"SUCCESS\" > \"${SCRIPT_OUTPUT_FILE_0}\"\n";
			showEnvVarsInLog = 0;
		};
/* End PBXShellScriptBuildPhase section */

/* Begin PBXSourcesBuildPhase section */
		740D47C52609E62C005C04A2 /* Sources */ = {
			isa = PBXSourcesBuildPhase;
			buildActionMask = 2147483647;
			files = (
				7433E0932620D88D0003D1B5 /* FBDatabaseService.swift in Sources */,
				74F86D90260A101D00CA03EC /* UITextField+Extension.swift in Sources */,
				745013A9260FC14100539313 /* VerificationViewController.swift in Sources */,
				74F86D51260A013600CA03EC /* ChatRoomsViewModel.swift in Sources */,
				74F86D48260A013600CA03EC /* CountriesViewController.swift in Sources */,
				74F86D3E260A013600CA03EC /* ChatViewModel.swift in Sources */,
				745013A1260F7E2200539313 /* AuthCoordinator.swift in Sources */,
				7449E2E3262B1D2D00BCE934 /* SettingCoordinator.swift in Sources */,
				74AD6644261A4E58000943BC /* FBChatService.swift in Sources */,
				74F86D44260A013600CA03EC /* CountriesViewModel.swift in Sources */,
				74F86DFA260D359C00CA03EC /* SignUpViewController.swift in Sources */,
				74AFEDAB2627A1DF004AFE22 /* MyImageView.swift in Sources */,
				74F86D72260A0F3400CA03EC /* ChatTableViewCell.swift in Sources */,
				74AD662D26194368000943BC /* SearchUserViewController+Delegates.swift in Sources */,
				74F86DB8260A311F00CA03EC /* LoginViewController.swift in Sources */,
				74F86E10260D3ECB00CA03EC /* AuthAssembler.swift in Sources */,
				74F86D52260A013600CA03EC /* ChatRoomsViewController.swift in Sources */,
				7490AA3A261618CF00D078DE /* SignUpViewController+Delegates.swift in Sources */,
				7490AA552618CCD100D078DE /* MainCoordinator.swift in Sources */,
				74F86DFF260D36CD00CA03EC /* SignUpViewModel.swift in Sources */,
				74AD664A261E3DE6000943BC /* ChatError.swift in Sources */,
				745013B4260FC54F00539313 /* VerificationViewModel.swift in Sources */,
				74F86CF7260A007800CA03EC /* MainAssembler.swift in Sources */,
				74F86CFC260A007800CA03EC /* CountrySelector.swift in Sources */,
				74A6AEE0263C99D8002A3DD0 /* ThemeManager.swift in Sources */,
				748A3F6E2634AB29009C9638 /* SliderView.swift in Sources */,
				74F86D73260A0F3400CA03EC /* UserTableViewCell.swift in Sources */,
				74F86DB3260A22FF00CA03EC /* FBAuthService.swift in Sources */,
				74F86D4E260A013600CA03EC /* HomeTabBarController.swift in Sources */,
				74F86DA1260A115D00CA03EC /* FBObserveService.swift in Sources */,
				74F86D42260A013600CA03EC /* SettingViewController.swift in Sources */,
				74F86DDA260B9A6D00CA03EC /* AuthView.swift in Sources */,
				74F86D5C260A013600CA03EC /* SearchUserViewController.swift in Sources */,
				74F86D8C260A101D00CA03EC /* UILabel+Extension.swift in Sources */,
				74F86CFE260A007800CA03EC /* Bindable.swift in Sources */,
				74AD663C261A010F000943BC /* ChatViewController+DataSource.swift in Sources */,
				74F86D8A260A101D00CA03EC /* UIView+Extension.swift in Sources */,
				74F86CF8260A007800CA03EC /* Chat.swift in Sources */,
				7490AA5A261920C000D078DE /* AppCoordinator.swift in Sources */,
				74F86CF6260A007700CA03EC /* User.swift in Sources */,
				74F86D8F260A101D00CA03EC /* UIStackView+Extension.swift in Sources */,
				7449E2D5262B040C00BCE934 /* LanguagesViewController.swift in Sources */,
				7490AA4226166E4500D078DE /* LoginViewController+Delegates.swift in Sources */,
				7449E2F0262CAE5A00BCE934 /* LanguagesViewModel.swift in Sources */,
				74F86D4D260A013600CA03EC /* HomeViewModel.swift in Sources */,
				7449E2E8262B1E9800BCE934 /* SettingAssembler.swift in Sources */,
				74F86D40260A013600CA03EC /* ChatViewController.swift in Sources */,
				74F86D5B260A013600CA03EC /* SearchUserViewModel.swift in Sources */,
				74F86D97260A10F100CA03EC /* UnSeenMessageBadgeLabel.swift in Sources */,
				74F86CF9260A007800CA03EC /* Message.swift in Sources */,
				74F86D41260A013600CA03EC /* SettingsViewModel.swift in Sources */,
				740D47CD2609E62C005C04A2 /* AppDelegate.swift in Sources */,
				74F86D98260A10F100CA03EC /* PhoneNumberTextField.swift in Sources */,
				74A6AED8263C1F4E002A3DD0 /* ColorCollectionViewCell.swift in Sources */,
				7449E315262F443500BCE934 /* LanguageManager.swift in Sources */,
				740D47CF2609E62C005C04A2 /* SceneDelegate.swift in Sources */,
				74F86D4B260A013600CA03EC /* ProfileViewModel.swift in Sources */,
				74AD6632261945DB000943BC /* FBSearchService.swift in Sources */,
				74F86D74260A0F3400CA03EC /* DeleteAccountTableViewCell.swift in Sources */,
				7433E0982620DA170003D1B5 /* DBError.swift in Sources */,
				74F86DD2260B912C00CA03EC /* LoginViewModel.swift in Sources */,
				74F86D8D260A101D00CA03EC /* String+Extension.swift in Sources */,
				74AD66372619FFF9000943BC /* ChatViewController+Delegates.swift in Sources */,
				74F86D87260A101D00CA03EC /* UIImageView+Extension.swift in Sources */,
				74F86D77260A0F3500CA03EC /* LanguageTableViewCell.swift in Sources */,
				7450139C260F7B7200539313 /* Coordinator.swift in Sources */,
				74F86D76260A0F3500CA03EC /* ThemeTableViewCell.swift in Sources */,
				74A203F12613A0F700EC90FA /* UsernameTextField.swift in Sources */,
				74F86DA2260A115D00CA03EC /* FBStorageService.swift in Sources */,
				74F86D4C260A013600CA03EC /* ProfileViewController.swift in Sources */,
				743880EE263209840032B454 /* UserDefaults+Extension.swift in Sources */,
				74F86D8E260A101D00CA03EC /* DateFormatter+Extension.swift in Sources */,
			);
			runOnlyForDeploymentPostprocessing = 0;
		};
		740D47DB2609E62F005C04A2 /* Sources */ = {
			isa = PBXSourcesBuildPhase;
			buildActionMask = 2147483647;
			files = (
				740D47E42609E62F005C04A2 /* LChatTests.swift in Sources */,
			);
			runOnlyForDeploymentPostprocessing = 0;
		};
		740D47E62609E62F005C04A2 /* Sources */ = {
			isa = PBXSourcesBuildPhase;
			buildActionMask = 2147483647;
			files = (
				740D47EF2609E62F005C04A2 /* LChatUITests.swift in Sources */,
			);
			runOnlyForDeploymentPostprocessing = 0;
		};
/* End PBXSourcesBuildPhase section */

/* Begin PBXTargetDependency section */
		740D47E12609E62F005C04A2 /* PBXTargetDependency */ = {
			isa = PBXTargetDependency;
			target = 740D47C82609E62C005C04A2 /* LChat */;
			targetProxy = 740D47E02609E62F005C04A2 /* PBXContainerItemProxy */;
		};
		740D47EC2609E62F005C04A2 /* PBXTargetDependency */ = {
			isa = PBXTargetDependency;
			target = 740D47C82609E62C005C04A2 /* LChat */;
			targetProxy = 740D47EB2609E62F005C04A2 /* PBXContainerItemProxy */;
		};
/* End PBXTargetDependency section */

/* Begin PBXVariantGroup section */
		740D47D72609E62E005C04A2 /* LaunchScreen.storyboard */ = {
			isa = PBXVariantGroup;
			children = (
				740D47D82609E62E005C04A2 /* Base */,
				743BC80A2629FA6C00A9F9F0 /* ru */,
			);
			name = LaunchScreen.storyboard;
			sourceTree = "<group>";
		};
		743BC8152629FBE800A9F9F0 /* Localizable.strings */ = {
			isa = PBXVariantGroup;
			children = (
				743BC8142629FBE800A9F9F0 /* en */,
				743BC816262A00EC00A9F9F0 /* ru */,
			);
			name = Localizable.strings;
			sourceTree = "<group>";
		};
/* End PBXVariantGroup section */

/* Begin XCBuildConfiguration section */
		740D47F12609E62F005C04A2 /* Debug */ = {
			isa = XCBuildConfiguration;
			buildSettings = {
				ALWAYS_SEARCH_USER_PATHS = NO;
				CLANG_ANALYZER_LOCALIZABILITY_NONLOCALIZED = YES;
				CLANG_ANALYZER_NONNULL = YES;
				CLANG_ANALYZER_NUMBER_OBJECT_CONVERSION = YES_AGGRESSIVE;
				CLANG_CXX_LANGUAGE_STANDARD = "gnu++14";
				CLANG_CXX_LIBRARY = "libc++";
				CLANG_ENABLE_MODULES = YES;
				CLANG_ENABLE_OBJC_ARC = YES;
				CLANG_ENABLE_OBJC_WEAK = YES;
				CLANG_WARN_BLOCK_CAPTURE_AUTORELEASING = YES;
				CLANG_WARN_BOOL_CONVERSION = YES;
				CLANG_WARN_COMMA = YES;
				CLANG_WARN_CONSTANT_CONVERSION = YES;
				CLANG_WARN_DEPRECATED_OBJC_IMPLEMENTATIONS = YES;
				CLANG_WARN_DIRECT_OBJC_ISA_USAGE = YES_ERROR;
				CLANG_WARN_DOCUMENTATION_COMMENTS = YES;
				CLANG_WARN_EMPTY_BODY = YES;
				CLANG_WARN_ENUM_CONVERSION = YES;
				CLANG_WARN_INFINITE_RECURSION = YES;
				CLANG_WARN_INT_CONVERSION = YES;
				CLANG_WARN_NON_LITERAL_NULL_CONVERSION = YES;
				CLANG_WARN_OBJC_IMPLICIT_RETAIN_SELF = YES;
				CLANG_WARN_OBJC_LITERAL_CONVERSION = YES;
				CLANG_WARN_OBJC_ROOT_CLASS = YES_ERROR;
				CLANG_WARN_QUOTED_INCLUDE_IN_FRAMEWORK_HEADER = YES;
				CLANG_WARN_RANGE_LOOP_ANALYSIS = YES;
				CLANG_WARN_STRICT_PROTOTYPES = YES;
				CLANG_WARN_SUSPICIOUS_MOVE = YES;
				CLANG_WARN_UNGUARDED_AVAILABILITY = YES_AGGRESSIVE;
				CLANG_WARN_UNREACHABLE_CODE = YES;
				CLANG_WARN__DUPLICATE_METHOD_MATCH = YES;
				COPY_PHASE_STRIP = NO;
				DEBUG_INFORMATION_FORMAT = dwarf;
				ENABLE_STRICT_OBJC_MSGSEND = YES;
				ENABLE_TESTABILITY = YES;
				GCC_C_LANGUAGE_STANDARD = gnu11;
				GCC_DYNAMIC_NO_PIC = NO;
				GCC_NO_COMMON_BLOCKS = YES;
				GCC_OPTIMIZATION_LEVEL = 0;
				GCC_PREPROCESSOR_DEFINITIONS = (
					"DEBUG=1",
					"$(inherited)",
				);
				GCC_WARN_64_TO_32_BIT_CONVERSION = YES;
				GCC_WARN_ABOUT_RETURN_TYPE = YES_ERROR;
				GCC_WARN_UNDECLARED_SELECTOR = YES;
				GCC_WARN_UNINITIALIZED_AUTOS = YES_AGGRESSIVE;
				GCC_WARN_UNUSED_FUNCTION = YES;
				GCC_WARN_UNUSED_VARIABLE = YES;
				IPHONEOS_DEPLOYMENT_TARGET = 14.3;
				MTL_ENABLE_DEBUG_INFO = INCLUDE_SOURCE;
				MTL_FAST_MATH = YES;
				ONLY_ACTIVE_ARCH = YES;
				SDKROOT = iphoneos;
				SWIFT_ACTIVE_COMPILATION_CONDITIONS = DEBUG;
				SWIFT_OPTIMIZATION_LEVEL = "-Onone";
			};
			name = Debug;
		};
		740D47F22609E62F005C04A2 /* Release */ = {
			isa = XCBuildConfiguration;
			buildSettings = {
				ALWAYS_SEARCH_USER_PATHS = NO;
				CLANG_ANALYZER_LOCALIZABILITY_NONLOCALIZED = YES;
				CLANG_ANALYZER_NONNULL = YES;
				CLANG_ANALYZER_NUMBER_OBJECT_CONVERSION = YES_AGGRESSIVE;
				CLANG_CXX_LANGUAGE_STANDARD = "gnu++14";
				CLANG_CXX_LIBRARY = "libc++";
				CLANG_ENABLE_MODULES = YES;
				CLANG_ENABLE_OBJC_ARC = YES;
				CLANG_ENABLE_OBJC_WEAK = YES;
				CLANG_WARN_BLOCK_CAPTURE_AUTORELEASING = YES;
				CLANG_WARN_BOOL_CONVERSION = YES;
				CLANG_WARN_COMMA = YES;
				CLANG_WARN_CONSTANT_CONVERSION = YES;
				CLANG_WARN_DEPRECATED_OBJC_IMPLEMENTATIONS = YES;
				CLANG_WARN_DIRECT_OBJC_ISA_USAGE = YES_ERROR;
				CLANG_WARN_DOCUMENTATION_COMMENTS = YES;
				CLANG_WARN_EMPTY_BODY = YES;
				CLANG_WARN_ENUM_CONVERSION = YES;
				CLANG_WARN_INFINITE_RECURSION = YES;
				CLANG_WARN_INT_CONVERSION = YES;
				CLANG_WARN_NON_LITERAL_NULL_CONVERSION = YES;
				CLANG_WARN_OBJC_IMPLICIT_RETAIN_SELF = YES;
				CLANG_WARN_OBJC_LITERAL_CONVERSION = YES;
				CLANG_WARN_OBJC_ROOT_CLASS = YES_ERROR;
				CLANG_WARN_QUOTED_INCLUDE_IN_FRAMEWORK_HEADER = YES;
				CLANG_WARN_RANGE_LOOP_ANALYSIS = YES;
				CLANG_WARN_STRICT_PROTOTYPES = YES;
				CLANG_WARN_SUSPICIOUS_MOVE = YES;
				CLANG_WARN_UNGUARDED_AVAILABILITY = YES_AGGRESSIVE;
				CLANG_WARN_UNREACHABLE_CODE = YES;
				CLANG_WARN__DUPLICATE_METHOD_MATCH = YES;
				COPY_PHASE_STRIP = NO;
				DEBUG_INFORMATION_FORMAT = "dwarf-with-dsym";
				ENABLE_NS_ASSERTIONS = NO;
				ENABLE_STRICT_OBJC_MSGSEND = YES;
				GCC_C_LANGUAGE_STANDARD = gnu11;
				GCC_NO_COMMON_BLOCKS = YES;
				GCC_WARN_64_TO_32_BIT_CONVERSION = YES;
				GCC_WARN_ABOUT_RETURN_TYPE = YES_ERROR;
				GCC_WARN_UNDECLARED_SELECTOR = YES;
				GCC_WARN_UNINITIALIZED_AUTOS = YES_AGGRESSIVE;
				GCC_WARN_UNUSED_FUNCTION = YES;
				GCC_WARN_UNUSED_VARIABLE = YES;
				IPHONEOS_DEPLOYMENT_TARGET = 14.3;
				MTL_ENABLE_DEBUG_INFO = NO;
				MTL_FAST_MATH = YES;
				SDKROOT = iphoneos;
				SWIFT_COMPILATION_MODE = wholemodule;
				SWIFT_OPTIMIZATION_LEVEL = "-O";
				VALIDATE_PRODUCT = YES;
			};
			name = Release;
		};
		740D47F42609E62F005C04A2 /* Debug */ = {
			isa = XCBuildConfiguration;
			baseConfigurationReference = 65608C6A72E68721F632596F /* Pods-LChat.debug.xcconfig */;
			buildSettings = {
				ASSETCATALOG_COMPILER_APPICON_NAME = AppIcon;
				ASSETCATALOG_COMPILER_GLOBAL_ACCENT_COLOR_NAME = AccentColor;
				CODE_SIGN_STYLE = Automatic;
				INFOPLIST_FILE = LChat/Info.plist;
				LD_RUNPATH_SEARCH_PATHS = (
					"$(inherited)",
					"@executable_path/Frameworks",
				);
				NEW_SETTING = "";
				PRODUCT_BUNDLE_IDENTIFIER = com.EgorGurba.LChat;
				PRODUCT_NAME = "$(TARGET_NAME)";
				SWIFT_VERSION = 5.0;
				TARGETED_DEVICE_FAMILY = "1,2";
			};
			name = Debug;
		};
		740D47F52609E62F005C04A2 /* Release */ = {
			isa = XCBuildConfiguration;
			baseConfigurationReference = AC207C6CA9B66BA72A81161E /* Pods-LChat.release.xcconfig */;
			buildSettings = {
				ASSETCATALOG_COMPILER_APPICON_NAME = AppIcon;
				ASSETCATALOG_COMPILER_GLOBAL_ACCENT_COLOR_NAME = AccentColor;
				CODE_SIGN_STYLE = Automatic;
				INFOPLIST_FILE = LChat/Info.plist;
				LD_RUNPATH_SEARCH_PATHS = (
					"$(inherited)",
					"@executable_path/Frameworks",
				);
				NEW_SETTING = "";
				PRODUCT_BUNDLE_IDENTIFIER = com.EgorGurba.LChat;
				PRODUCT_NAME = "$(TARGET_NAME)";
				SWIFT_VERSION = 5.0;
				TARGETED_DEVICE_FAMILY = "1,2";
			};
			name = Release;
		};
		740D47F72609E62F005C04A2 /* Debug */ = {
			isa = XCBuildConfiguration;
			baseConfigurationReference = 527B399BEB5AE46EB9486D5D /* Pods-LChatTests.debug.xcconfig */;
			buildSettings = {
				ALWAYS_EMBED_SWIFT_STANDARD_LIBRARIES = YES;
				BUNDLE_LOADER = "$(TEST_HOST)";
				CODE_SIGN_STYLE = Automatic;
				INFOPLIST_FILE = LChatTests/Info.plist;
				IPHONEOS_DEPLOYMENT_TARGET = 14.3;
				LD_RUNPATH_SEARCH_PATHS = (
					"$(inherited)",
					"@executable_path/Frameworks",
					"@loader_path/Frameworks",
				);
				PRODUCT_BUNDLE_IDENTIFIER = com.EgorGurba.LChatTests;
				PRODUCT_NAME = "$(TARGET_NAME)";
				SWIFT_VERSION = 5.0;
				TARGETED_DEVICE_FAMILY = "1,2";
				TEST_HOST = "$(BUILT_PRODUCTS_DIR)/LChat.app/LChat";
			};
			name = Debug;
		};
		740D47F82609E62F005C04A2 /* Release */ = {
			isa = XCBuildConfiguration;
			baseConfigurationReference = 4D80D63B26F619DF561BC554 /* Pods-LChatTests.release.xcconfig */;
			buildSettings = {
				ALWAYS_EMBED_SWIFT_STANDARD_LIBRARIES = YES;
				BUNDLE_LOADER = "$(TEST_HOST)";
				CODE_SIGN_STYLE = Automatic;
				INFOPLIST_FILE = LChatTests/Info.plist;
				IPHONEOS_DEPLOYMENT_TARGET = 14.3;
				LD_RUNPATH_SEARCH_PATHS = (
					"$(inherited)",
					"@executable_path/Frameworks",
					"@loader_path/Frameworks",
				);
				PRODUCT_BUNDLE_IDENTIFIER = com.EgorGurba.LChatTests;
				PRODUCT_NAME = "$(TARGET_NAME)";
				SWIFT_VERSION = 5.0;
				TARGETED_DEVICE_FAMILY = "1,2";
				TEST_HOST = "$(BUILT_PRODUCTS_DIR)/LChat.app/LChat";
			};
			name = Release;
		};
		740D47FA2609E62F005C04A2 /* Debug */ = {
			isa = XCBuildConfiguration;
			baseConfigurationReference = 0D47C8F982D78634AD736337 /* Pods-LChat-LChatUITests.debug.xcconfig */;
			buildSettings = {
				ALWAYS_EMBED_SWIFT_STANDARD_LIBRARIES = YES;
				CODE_SIGN_STYLE = Automatic;
				INFOPLIST_FILE = LChatUITests/Info.plist;
				LD_RUNPATH_SEARCH_PATHS = (
					"$(inherited)",
					"@executable_path/Frameworks",
					"@loader_path/Frameworks",
				);
				PRODUCT_BUNDLE_IDENTIFIER = com.EgorGurba.LChatUITests;
				PRODUCT_NAME = "$(TARGET_NAME)";
				SWIFT_VERSION = 5.0;
				TARGETED_DEVICE_FAMILY = "1,2";
				TEST_TARGET_NAME = LChat;
			};
			name = Debug;
		};
		740D47FB2609E62F005C04A2 /* Release */ = {
			isa = XCBuildConfiguration;
			baseConfigurationReference = 28BD8F15EA1C97E7F7A13961 /* Pods-LChat-LChatUITests.release.xcconfig */;
			buildSettings = {
				ALWAYS_EMBED_SWIFT_STANDARD_LIBRARIES = YES;
				CODE_SIGN_STYLE = Automatic;
				INFOPLIST_FILE = LChatUITests/Info.plist;
				LD_RUNPATH_SEARCH_PATHS = (
					"$(inherited)",
					"@executable_path/Frameworks",
					"@loader_path/Frameworks",
				);
				PRODUCT_BUNDLE_IDENTIFIER = com.EgorGurba.LChatUITests;
				PRODUCT_NAME = "$(TARGET_NAME)";
				SWIFT_VERSION = 5.0;
				TARGETED_DEVICE_FAMILY = "1,2";
				TEST_TARGET_NAME = LChat;
			};
			name = Release;
		};
/* End XCBuildConfiguration section */

/* Begin XCConfigurationList section */
		740D47C42609E62C005C04A2 /* Build configuration list for PBXProject "LChat" */ = {
			isa = XCConfigurationList;
			buildConfigurations = (
				740D47F12609E62F005C04A2 /* Debug */,
				740D47F22609E62F005C04A2 /* Release */,
			);
			defaultConfigurationIsVisible = 0;
			defaultConfigurationName = Release;
		};
		740D47F32609E62F005C04A2 /* Build configuration list for PBXNativeTarget "LChat" */ = {
			isa = XCConfigurationList;
			buildConfigurations = (
				740D47F42609E62F005C04A2 /* Debug */,
				740D47F52609E62F005C04A2 /* Release */,
			);
			defaultConfigurationIsVisible = 0;
			defaultConfigurationName = Release;
		};
		740D47F62609E62F005C04A2 /* Build configuration list for PBXNativeTarget "LChatTests" */ = {
			isa = XCConfigurationList;
			buildConfigurations = (
				740D47F72609E62F005C04A2 /* Debug */,
				740D47F82609E62F005C04A2 /* Release */,
			);
			defaultConfigurationIsVisible = 0;
			defaultConfigurationName = Release;
		};
		740D47F92609E62F005C04A2 /* Build configuration list for PBXNativeTarget "LChatUITests" */ = {
			isa = XCConfigurationList;
			buildConfigurations = (
				740D47FA2609E62F005C04A2 /* Debug */,
				740D47FB2609E62F005C04A2 /* Release */,
			);
			defaultConfigurationIsVisible = 0;
			defaultConfigurationName = Release;
		};
/* End XCConfigurationList section */
	};
	rootObject = 740D47C12609E62C005C04A2 /* Project object */;
}
